// !$*UTF8*$!
{
	archiveVersion = 1;
	classes = {
	};
	objectVersion = 50;
	objects = {

/* Begin PBXBuildFile section */
		3090E1756154F30EC365F0CE /* libPods-SabkTrialUITests.a in Frameworks */ = {isa = PBXBuildFile; fileRef = B8431B2899A898D76FC0B54F /* libPods-SabkTrialUITests.a */; };
		8045BC158E7BE9742D8C7051 /* libPods-SabkTrial.a in Frameworks */ = {isa = PBXBuildFile; fileRef = C4AA731528FA9DD2AA75951D /* libPods-SabkTrial.a */; };
		CE01FD77235D98F800090A0E /* SliderSectionCell.swift in Sources */ = {isa = PBXBuildFile; fileRef = CE01FD75235D98F800090A0E /* SliderSectionCell.swift */; };
		CE01FD78235D98F800090A0E /* SliderSectionCell.xib in Resources */ = {isa = PBXBuildFile; fileRef = CE01FD76235D98F800090A0E /* SliderSectionCell.xib */; };
		CE01FD7B235DB88E00090A0E /* NewsSectionCell.swift in Sources */ = {isa = PBXBuildFile; fileRef = CE01FD79235DB88E00090A0E /* NewsSectionCell.swift */; };
		CE01FD7C235DB88E00090A0E /* NewsSectionCell.xib in Resources */ = {isa = PBXBuildFile; fileRef = CE01FD7A235DB88E00090A0E /* NewsSectionCell.xib */; };
		CE01FD81235DC7B500090A0E /* Tags.swift in Sources */ = {isa = PBXBuildFile; fileRef = CE01FD7D235DC7B500090A0E /* Tags.swift */; };
		CE01FD82235DC7B500090A0E /* MaterialResponse.swift in Sources */ = {isa = PBXBuildFile; fileRef = CE01FD7E235DC7B500090A0E /* MaterialResponse.swift */; };
		CE01FD83235DC7B500090A0E /* Images.swift in Sources */ = {isa = PBXBuildFile; fileRef = CE01FD7F235DC7B500090A0E /* Images.swift */; };
		CE01FD84235DC7B500090A0E /* Materials.swift in Sources */ = {isa = PBXBuildFile; fileRef = CE01FD80235DC7B500090A0E /* Materials.swift */; };
		CE01FD8A235DCBBC00090A0E /* SliderMaterialResponse.swift in Sources */ = {isa = PBXBuildFile; fileRef = CE01FD87235DCBBB00090A0E /* SliderMaterialResponse.swift */; };
		CE01FD8B235DCBBC00090A0E /* Slider.swift in Sources */ = {isa = PBXBuildFile; fileRef = CE01FD88235DCBBB00090A0E /* Slider.swift */; };
		CE01FD8C235DCBBC00090A0E /* Videos.swift in Sources */ = {isa = PBXBuildFile; fileRef = CE01FD89235DCBBC00090A0E /* Videos.swift */; };
		CE01FD8F235DD01E00090A0E /* NetworkService+NewsService.swift in Sources */ = {isa = PBXBuildFile; fileRef = CE01FD8E235DD01E00090A0E /* NetworkService+NewsService.swift */; };
		CE01FD91235DD11200090A0E /* NewsService.swift in Sources */ = {isa = PBXBuildFile; fileRef = CE01FD90235DD11200090A0E /* NewsService.swift */; };
		CE09B589235C53DF00979FF1 /* NewsScreenAdaptor.swift in Sources */ = {isa = PBXBuildFile; fileRef = CE09B588235C53DF00979FF1 /* NewsScreenAdaptor.swift */; };
		CE09B599235C682800979FF1 /* NewsScreenViewController.swift in Sources */ = {isa = PBXBuildFile; fileRef = CE09B597235C682800979FF1 /* NewsScreenViewController.swift */; };
		CE09B59A235C682800979FF1 /* NewsScreenViewController.xib in Resources */ = {isa = PBXBuildFile; fileRef = CE09B598235C682800979FF1 /* NewsScreenViewController.xib */; };
		CE09B5A3235C8D1C00979FF1 /* HeaderSliderCell.swift in Sources */ = {isa = PBXBuildFile; fileRef = CE09B5A1235C8D1C00979FF1 /* HeaderSliderCell.swift */; };
		CE09B5A4235C8D1C00979FF1 /* HeaderSliderCell.xib in Resources */ = {isa = PBXBuildFile; fileRef = CE09B5A2235C8D1C00979FF1 /* HeaderSliderCell.xib */; };
		CE6ADF57235897A30051C879 /* StaticHeaderPlugin.swift in Sources */ = {isa = PBXBuildFile; fileRef = CE6ADF56235897A30051C879 /* StaticHeaderPlugin.swift */; };
		CE6ADF59235897CF0051C879 /* NetworkDefaults.swift in Sources */ = {isa = PBXBuildFile; fileRef = CE6ADF58235897CF0051C879 /* NetworkDefaults.swift */; };
		CE6ADF5B2358981A0051C879 /* NetworkError.swift in Sources */ = {isa = PBXBuildFile; fileRef = CE6ADF5A2358981A0051C879 /* NetworkError.swift */; };
		CE6ADF5D23589A740051C879 /* NetworkManager.swift in Sources */ = {isa = PBXBuildFile; fileRef = CE6ADF5C23589A740051C879 /* NetworkManager.swift */; };
		CE6ADF5F23589AB20051C879 /* AppDelegate+Extentions.swift in Sources */ = {isa = PBXBuildFile; fileRef = CE6ADF5E23589AB20051C879 /* AppDelegate+Extentions.swift */; };
		CE6ADF662358A2400051C879 /* NewsScreenPresenter.swift in Sources */ = {isa = PBXBuildFile; fileRef = CE6ADF652358A2400051C879 /* NewsScreenPresenter.swift */; };
		CE6ADF682358A24D0051C879 /* NewsScreenModel.swift in Sources */ = {isa = PBXBuildFile; fileRef = CE6ADF672358A24D0051C879 /* NewsScreenModel.swift */; };
		CE6ADF6A2358A2730051C879 /* NewsScreenProtocols.swift in Sources */ = {isa = PBXBuildFile; fileRef = CE6ADF692358A2730051C879 /* NewsScreenProtocols.swift */; };
		CEB15DD7235883F600659D1A /* Localizable.strings in Resources */ = {isa = PBXBuildFile; fileRef = CEB15DD9235883F600659D1A /* Localizable.strings */; };
		CEB15DE7235891E700659D1A /* BaseViewController.swift in Sources */ = {isa = PBXBuildFile; fileRef = CEB15DE6235891E700659D1A /* BaseViewController.swift */; };
		CEB15DE9235891F700659D1A /* BasePresenter.swift in Sources */ = {isa = PBXBuildFile; fileRef = CEB15DE8235891F700659D1A /* BasePresenter.swift */; };
		CEB15DEB2358920400659D1A /* BaseModel.swift in Sources */ = {isa = PBXBuildFile; fileRef = CEB15DEA2358920400659D1A /* BaseModel.swift */; };
		CEB15DED2358922C00659D1A /* ViewController+Extensions.swift in Sources */ = {isa = PBXBuildFile; fileRef = CEB15DEC2358922C00659D1A /* ViewController+Extensions.swift */; };
		CEB15DEF235892D500659D1A /* BaseViewProtocol.swift in Sources */ = {isa = PBXBuildFile; fileRef = CEB15DEE235892D500659D1A /* BaseViewProtocol.swift */; };
		CEB15DF1235892E700659D1A /* BasePresenterProtocol.swift in Sources */ = {isa = PBXBuildFile; fileRef = CEB15DF0235892E700659D1A /* BasePresenterProtocol.swift */; };
		CEB15DF3235892FB00659D1A /* BaseModelProtocol.swift in Sources */ = {isa = PBXBuildFile; fileRef = CEB15DF2235892FB00659D1A /* BaseModelProtocol.swift */; };
		CEF748CA23587A670023FD9B /* AppDelegate.swift in Sources */ = {isa = PBXBuildFile; fileRef = CEF748C923587A670023FD9B /* AppDelegate.swift */; };
		CEF748D123587A680023FD9B /* Assets.xcassets in Resources */ = {isa = PBXBuildFile; fileRef = CEF748D023587A680023FD9B /* Assets.xcassets */; };
		CEF748D423587A680023FD9B /* LaunchScreen.storyboard in Resources */ = {isa = PBXBuildFile; fileRef = CEF748D223587A680023FD9B /* LaunchScreen.storyboard */; };
		CEF748DF23587A680023FD9B /* SabkTrialTests.swift in Sources */ = {isa = PBXBuildFile; fileRef = CEF748DE23587A680023FD9B /* SabkTrialTests.swift */; };
		CEF748EA23587A680023FD9B /* SabkTrialUITests.swift in Sources */ = {isa = PBXBuildFile; fileRef = CEF748E923587A680023FD9B /* SabkTrialUITests.swift */; };
		DAE00C56E980F56CCD1D89E0 /* libPods-SabkTrialTests.a in Frameworks */ = {isa = PBXBuildFile; fileRef = 454A5A434D2ED46C8CA60CD2 /* libPods-SabkTrialTests.a */; };
/* End PBXBuildFile section */

/* Begin PBXContainerItemProxy section */
		CEF748DB23587A680023FD9B /* PBXContainerItemProxy */ = {
			isa = PBXContainerItemProxy;
			containerPortal = CEF748BE23587A670023FD9B /* Project object */;
			proxyType = 1;
			remoteGlobalIDString = CEF748C523587A670023FD9B;
			remoteInfo = SabkTrial;
		};
		CEF748E623587A680023FD9B /* PBXContainerItemProxy */ = {
			isa = PBXContainerItemProxy;
			containerPortal = CEF748BE23587A670023FD9B /* Project object */;
			proxyType = 1;
			remoteGlobalIDString = CEF748C523587A670023FD9B;
			remoteInfo = SabkTrial;
		};
/* End PBXContainerItemProxy section */

/* Begin PBXFileReference section */
		026B78E834FD521ABCA68388 /* Pods-SabkTrialUITests.debug.xcconfig */ = {isa = PBXFileReference; includeInIndex = 1; lastKnownFileType = text.xcconfig; name = "Pods-SabkTrialUITests.debug.xcconfig"; path = "Target Support Files/Pods-SabkTrialUITests/Pods-SabkTrialUITests.debug.xcconfig"; sourceTree = "<group>"; };
		2712416DDC708D3E687C0616 /* Pods-SabkTrial.debug.xcconfig */ = {isa = PBXFileReference; includeInIndex = 1; lastKnownFileType = text.xcconfig; name = "Pods-SabkTrial.debug.xcconfig"; path = "Target Support Files/Pods-SabkTrial/Pods-SabkTrial.debug.xcconfig"; sourceTree = "<group>"; };
		2BFE6F351CFBB245AC7DC141 /* Pods-SabkTrialTests.release.xcconfig */ = {isa = PBXFileReference; includeInIndex = 1; lastKnownFileType = text.xcconfig; name = "Pods-SabkTrialTests.release.xcconfig"; path = "Target Support Files/Pods-SabkTrialTests/Pods-SabkTrialTests.release.xcconfig"; sourceTree = "<group>"; };
		454A5A434D2ED46C8CA60CD2 /* libPods-SabkTrialTests.a */ = {isa = PBXFileReference; explicitFileType = archive.ar; includeInIndex = 0; path = "libPods-SabkTrialTests.a"; sourceTree = BUILT_PRODUCTS_DIR; };
		7556A7BD12E7B5A681438BC9 /* Pods-SabkTrialUITests.release.xcconfig */ = {isa = PBXFileReference; includeInIndex = 1; lastKnownFileType = text.xcconfig; name = "Pods-SabkTrialUITests.release.xcconfig"; path = "Target Support Files/Pods-SabkTrialUITests/Pods-SabkTrialUITests.release.xcconfig"; sourceTree = "<group>"; };
		8BFA054A62CCE14C21F141BC /* Pods-SabkTrial.release.xcconfig */ = {isa = PBXFileReference; includeInIndex = 1; lastKnownFileType = text.xcconfig; name = "Pods-SabkTrial.release.xcconfig"; path = "Target Support Files/Pods-SabkTrial/Pods-SabkTrial.release.xcconfig"; sourceTree = "<group>"; };
		B8431B2899A898D76FC0B54F /* libPods-SabkTrialUITests.a */ = {isa = PBXFileReference; explicitFileType = archive.ar; includeInIndex = 0; path = "libPods-SabkTrialUITests.a"; sourceTree = BUILT_PRODUCTS_DIR; };
		C4AA731528FA9DD2AA75951D /* libPods-SabkTrial.a */ = {isa = PBXFileReference; explicitFileType = archive.ar; includeInIndex = 0; path = "libPods-SabkTrial.a"; sourceTree = BUILT_PRODUCTS_DIR; };
		CE01FD75235D98F800090A0E /* SliderSectionCell.swift */ = {isa = PBXFileReference; lastKnownFileType = sourcecode.swift; path = SliderSectionCell.swift; sourceTree = "<group>"; };
		CE01FD76235D98F800090A0E /* SliderSectionCell.xib */ = {isa = PBXFileReference; lastKnownFileType = file.xib; path = SliderSectionCell.xib; sourceTree = "<group>"; };
		CE01FD79235DB88E00090A0E /* NewsSectionCell.swift */ = {isa = PBXFileReference; lastKnownFileType = sourcecode.swift; path = NewsSectionCell.swift; sourceTree = "<group>"; };
		CE01FD7A235DB88E00090A0E /* NewsSectionCell.xib */ = {isa = PBXFileReference; lastKnownFileType = file.xib; path = NewsSectionCell.xib; sourceTree = "<group>"; };
		CE01FD7D235DC7B500090A0E /* Tags.swift */ = {isa = PBXFileReference; fileEncoding = 4; lastKnownFileType = sourcecode.swift; path = Tags.swift; sourceTree = "<group>"; };
		CE01FD7E235DC7B500090A0E /* MaterialResponse.swift */ = {isa = PBXFileReference; fileEncoding = 4; lastKnownFileType = sourcecode.swift; path = MaterialResponse.swift; sourceTree = "<group>"; };
		CE01FD7F235DC7B500090A0E /* Images.swift */ = {isa = PBXFileReference; fileEncoding = 4; lastKnownFileType = sourcecode.swift; path = Images.swift; sourceTree = "<group>"; };
		CE01FD80235DC7B500090A0E /* Materials.swift */ = {isa = PBXFileReference; fileEncoding = 4; lastKnownFileType = sourcecode.swift; path = Materials.swift; sourceTree = "<group>"; };
		CE01FD87235DCBBB00090A0E /* SliderMaterialResponse.swift */ = {isa = PBXFileReference; fileEncoding = 4; lastKnownFileType = sourcecode.swift; path = SliderMaterialResponse.swift; sourceTree = "<group>"; };
		CE01FD88235DCBBB00090A0E /* Slider.swift */ = {isa = PBXFileReference; fileEncoding = 4; lastKnownFileType = sourcecode.swift; path = Slider.swift; sourceTree = "<group>"; };
		CE01FD89235DCBBC00090A0E /* Videos.swift */ = {isa = PBXFileReference; fileEncoding = 4; lastKnownFileType = sourcecode.swift; path = Videos.swift; sourceTree = "<group>"; };
		CE01FD8E235DD01E00090A0E /* NetworkService+NewsService.swift */ = {isa = PBXFileReference; lastKnownFileType = sourcecode.swift; path = "NetworkService+NewsService.swift"; sourceTree = "<group>"; };
		CE01FD90235DD11200090A0E /* NewsService.swift */ = {isa = PBXFileReference; lastKnownFileType = sourcecode.swift; path = NewsService.swift; sourceTree = "<group>"; };
		CE09B588235C53DF00979FF1 /* NewsScreenAdaptor.swift */ = {isa = PBXFileReference; lastKnownFileType = sourcecode.swift; path = NewsScreenAdaptor.swift; sourceTree = "<group>"; };
		CE09B597235C682800979FF1 /* NewsScreenViewController.swift */ = {isa = PBXFileReference; lastKnownFileType = sourcecode.swift; path = NewsScreenViewController.swift; sourceTree = "<group>"; };
		CE09B598235C682800979FF1 /* NewsScreenViewController.xib */ = {isa = PBXFileReference; lastKnownFileType = file.xib; path = NewsScreenViewController.xib; sourceTree = "<group>"; };
		CE09B5A1235C8D1C00979FF1 /* HeaderSliderCell.swift */ = {isa = PBXFileReference; lastKnownFileType = sourcecode.swift; path = HeaderSliderCell.swift; sourceTree = "<group>"; };
		CE09B5A2235C8D1C00979FF1 /* HeaderSliderCell.xib */ = {isa = PBXFileReference; lastKnownFileType = file.xib; path = HeaderSliderCell.xib; sourceTree = "<group>"; };
		CE6ADF56235897A30051C879 /* StaticHeaderPlugin.swift */ = {isa = PBXFileReference; lastKnownFileType = sourcecode.swift; path = StaticHeaderPlugin.swift; sourceTree = "<group>"; };
		CE6ADF58235897CF0051C879 /* NetworkDefaults.swift */ = {isa = PBXFileReference; lastKnownFileType = sourcecode.swift; path = NetworkDefaults.swift; sourceTree = "<group>"; };
		CE6ADF5A2358981A0051C879 /* NetworkError.swift */ = {isa = PBXFileReference; lastKnownFileType = sourcecode.swift; path = NetworkError.swift; sourceTree = "<group>"; };
		CE6ADF5C23589A740051C879 /* NetworkManager.swift */ = {isa = PBXFileReference; lastKnownFileType = sourcecode.swift; path = NetworkManager.swift; sourceTree = "<group>"; };
		CE6ADF5E23589AB20051C879 /* AppDelegate+Extentions.swift */ = {isa = PBXFileReference; lastKnownFileType = sourcecode.swift; path = "AppDelegate+Extentions.swift"; sourceTree = "<group>"; };
		CE6ADF652358A2400051C879 /* NewsScreenPresenter.swift */ = {isa = PBXFileReference; lastKnownFileType = sourcecode.swift; path = NewsScreenPresenter.swift; sourceTree = "<group>"; };
		CE6ADF672358A24D0051C879 /* NewsScreenModel.swift */ = {isa = PBXFileReference; lastKnownFileType = sourcecode.swift; path = NewsScreenModel.swift; sourceTree = "<group>"; };
		CE6ADF692358A2730051C879 /* NewsScreenProtocols.swift */ = {isa = PBXFileReference; lastKnownFileType = sourcecode.swift; path = NewsScreenProtocols.swift; sourceTree = "<group>"; };
		CEB15DD423587F8400659D1A /* ar */ = {isa = PBXFileReference; lastKnownFileType = text.plist.strings; name = ar; path = ar.lproj/LaunchScreen.strings; sourceTree = "<group>"; };
		CEB15DD8235883F600659D1A /* en */ = {isa = PBXFileReference; lastKnownFileType = text.plist.strings; name = en; path = en.lproj/Localizable.strings; sourceTree = "<group>"; };
		CEB15DDA235883FC00659D1A /* ar */ = {isa = PBXFileReference; lastKnownFileType = text.plist.strings; name = ar; path = ar.lproj/Localizable.strings; sourceTree = "<group>"; };
		CEB15DE6235891E700659D1A /* BaseViewController.swift */ = {isa = PBXFileReference; lastKnownFileType = sourcecode.swift; path = BaseViewController.swift; sourceTree = "<group>"; };
		CEB15DE8235891F700659D1A /* BasePresenter.swift */ = {isa = PBXFileReference; lastKnownFileType = sourcecode.swift; path = BasePresenter.swift; sourceTree = "<group>"; };
		CEB15DEA2358920400659D1A /* BaseModel.swift */ = {isa = PBXFileReference; lastKnownFileType = sourcecode.swift; path = BaseModel.swift; sourceTree = "<group>"; };
		CEB15DEC2358922C00659D1A /* ViewController+Extensions.swift */ = {isa = PBXFileReference; lastKnownFileType = sourcecode.swift; path = "ViewController+Extensions.swift"; sourceTree = "<group>"; };
		CEB15DEE235892D500659D1A /* BaseViewProtocol.swift */ = {isa = PBXFileReference; lastKnownFileType = sourcecode.swift; path = BaseViewProtocol.swift; sourceTree = "<group>"; };
		CEB15DF0235892E700659D1A /* BasePresenterProtocol.swift */ = {isa = PBXFileReference; lastKnownFileType = sourcecode.swift; path = BasePresenterProtocol.swift; sourceTree = "<group>"; };
		CEB15DF2235892FB00659D1A /* BaseModelProtocol.swift */ = {isa = PBXFileReference; lastKnownFileType = sourcecode.swift; path = BaseModelProtocol.swift; sourceTree = "<group>"; };
		CEF748C623587A670023FD9B /* SabkTrial.app */ = {isa = PBXFileReference; explicitFileType = wrapper.application; includeInIndex = 0; path = SabkTrial.app; sourceTree = BUILT_PRODUCTS_DIR; };
		CEF748C923587A670023FD9B /* AppDelegate.swift */ = {isa = PBXFileReference; lastKnownFileType = sourcecode.swift; path = AppDelegate.swift; sourceTree = "<group>"; };
		CEF748D023587A680023FD9B /* Assets.xcassets */ = {isa = PBXFileReference; lastKnownFileType = folder.assetcatalog; path = Assets.xcassets; sourceTree = "<group>"; };
		CEF748D323587A680023FD9B /* Base */ = {isa = PBXFileReference; lastKnownFileType = file.storyboard; name = Base; path = Base.lproj/LaunchScreen.storyboard; sourceTree = "<group>"; };
		CEF748D523587A680023FD9B /* Info.plist */ = {isa = PBXFileReference; lastKnownFileType = text.plist.xml; path = Info.plist; sourceTree = "<group>"; };
		CEF748DA23587A680023FD9B /* SabkTrialTests.xctest */ = {isa = PBXFileReference; explicitFileType = wrapper.cfbundle; includeInIndex = 0; path = SabkTrialTests.xctest; sourceTree = BUILT_PRODUCTS_DIR; };
		CEF748DE23587A680023FD9B /* SabkTrialTests.swift */ = {isa = PBXFileReference; lastKnownFileType = sourcecode.swift; path = SabkTrialTests.swift; sourceTree = "<group>"; };
		CEF748E023587A680023FD9B /* Info.plist */ = {isa = PBXFileReference; lastKnownFileType = text.plist.xml; path = Info.plist; sourceTree = "<group>"; };
		CEF748E523587A680023FD9B /* SabkTrialUITests.xctest */ = {isa = PBXFileReference; explicitFileType = wrapper.cfbundle; includeInIndex = 0; path = SabkTrialUITests.xctest; sourceTree = BUILT_PRODUCTS_DIR; };
		CEF748E923587A680023FD9B /* SabkTrialUITests.swift */ = {isa = PBXFileReference; lastKnownFileType = sourcecode.swift; path = SabkTrialUITests.swift; sourceTree = "<group>"; };
		CEF748EB23587A680023FD9B /* Info.plist */ = {isa = PBXFileReference; lastKnownFileType = text.plist.xml; path = Info.plist; sourceTree = "<group>"; };
		DBB3DAB342B2D484F7CE0456 /* Pods-SabkTrialTests.debug.xcconfig */ = {isa = PBXFileReference; includeInIndex = 1; lastKnownFileType = text.xcconfig; name = "Pods-SabkTrialTests.debug.xcconfig"; path = "Target Support Files/Pods-SabkTrialTests/Pods-SabkTrialTests.debug.xcconfig"; sourceTree = "<group>"; };
/* End PBXFileReference section */

/* Begin PBXFrameworksBuildPhase section */
		CEF748C323587A670023FD9B /* Frameworks */ = {
			isa = PBXFrameworksBuildPhase;
			buildActionMask = 2147483647;
			files = (
				8045BC158E7BE9742D8C7051 /* libPods-SabkTrial.a in Frameworks */,
			);
			runOnlyForDeploymentPostprocessing = 0;
		};
		CEF748D723587A680023FD9B /* Frameworks */ = {
			isa = PBXFrameworksBuildPhase;
			buildActionMask = 2147483647;
			files = (
				DAE00C56E980F56CCD1D89E0 /* libPods-SabkTrialTests.a in Frameworks */,
			);
			runOnlyForDeploymentPostprocessing = 0;
		};
		CEF748E223587A680023FD9B /* Frameworks */ = {
			isa = PBXFrameworksBuildPhase;
			buildActionMask = 2147483647;
			files = (
				3090E1756154F30EC365F0CE /* libPods-SabkTrialUITests.a in Frameworks */,
			);
			runOnlyForDeploymentPostprocessing = 0;
		};
/* End PBXFrameworksBuildPhase section */

/* Begin PBXGroup section */
		7220250AFB9572B3526B8671 /* Frameworks */ = {
			isa = PBXGroup;
			children = (
				C4AA731528FA9DD2AA75951D /* libPods-SabkTrial.a */,
				454A5A434D2ED46C8CA60CD2 /* libPods-SabkTrialTests.a */,
				B8431B2899A898D76FC0B54F /* libPods-SabkTrialUITests.a */,
			);
			name = Frameworks;
			sourceTree = "<group>";
		};
		7A6CF97E7D997DEC1F4F9731 /* Pods */ = {
			isa = PBXGroup;
			children = (
				2712416DDC708D3E687C0616 /* Pods-SabkTrial.debug.xcconfig */,
				8BFA054A62CCE14C21F141BC /* Pods-SabkTrial.release.xcconfig */,
				DBB3DAB342B2D484F7CE0456 /* Pods-SabkTrialTests.debug.xcconfig */,
				2BFE6F351CFBB245AC7DC141 /* Pods-SabkTrialTests.release.xcconfig */,
				026B78E834FD521ABCA68388 /* Pods-SabkTrialUITests.debug.xcconfig */,
				7556A7BD12E7B5A681438BC9 /* Pods-SabkTrialUITests.release.xcconfig */,
			);
			path = Pods;
			sourceTree = "<group>";
		};
		CE01FD8D235DCFFC00090A0E /* News */ = {
			isa = PBXGroup;
			children = (
				CE01FD8E235DD01E00090A0E /* NetworkService+NewsService.swift */,
				CE01FD90235DD11200090A0E /* NewsService.swift */,
			);
			path = News;
			sourceTree = "<group>";
		};
		CE09B58A235C550400979FF1 /* NewsScreenCells */ = {
			isa = PBXGroup;
			children = (
				CE09B5A1235C8D1C00979FF1 /* HeaderSliderCell.swift */,
				CE09B5A2235C8D1C00979FF1 /* HeaderSliderCell.xib */,
				CE01FD75235D98F800090A0E /* SliderSectionCell.swift */,
				CE01FD76235D98F800090A0E /* SliderSectionCell.xib */,
				CE01FD79235DB88E00090A0E /* NewsSectionCell.swift */,
				CE01FD7A235DB88E00090A0E /* NewsSectionCell.xib */,
			);
			path = NewsScreenCells;
			sourceTree = "<group>";
		};
		CE6ADF55235895B60051C879 /* Core */ = {
			isa = PBXGroup;
			children = (
				CE6ADF56235897A30051C879 /* StaticHeaderPlugin.swift */,
				CE6ADF58235897CF0051C879 /* NetworkDefaults.swift */,
				CE6ADF5A2358981A0051C879 /* NetworkError.swift */,
				CE6ADF5C23589A740051C879 /* NetworkManager.swift */,
			);
			path = Core;
			sourceTree = "<group>";
		};
		CE6ADF602358A2040051C879 /* News Screen */ = {
			isa = PBXGroup;
			children = (
				CE6ADF652358A2400051C879 /* NewsScreenPresenter.swift */,
				CE6ADF672358A24D0051C879 /* NewsScreenModel.swift */,
				CE6ADF692358A2730051C879 /* NewsScreenProtocols.swift */,
				CE09B588235C53DF00979FF1 /* NewsScreenAdaptor.swift */,
				CE09B597235C682800979FF1 /* NewsScreenViewController.swift */,
				CE09B598235C682800979FF1 /* NewsScreenViewController.xib */,
				CE09B58A235C550400979FF1 /* NewsScreenCells */,
			);
			path = "News Screen";
			sourceTree = "<group>";
		};
		CEB15DDB23588EB200659D1A /* AppDelegate */ = {
			isa = PBXGroup;
			children = (
				CEB15DDC23588EBB00659D1A /* Extentions */,
				CEF748C923587A670023FD9B /* AppDelegate.swift */,
			);
			path = AppDelegate;
			sourceTree = "<group>";
		};
		CEB15DDC23588EBB00659D1A /* Extentions */ = {
			isa = PBXGroup;
			children = (
				CE6ADF5E23589AB20051C879 /* AppDelegate+Extentions.swift */,
			);
			path = Extentions;
			sourceTree = "<group>";
		};
		CEB15DDD23588EF700659D1A /* UI */ = {
			isa = PBXGroup;
			children = (
				CEF748D223587A680023FD9B /* LaunchScreen.storyboard */,
			);
			path = UI;
			sourceTree = "<group>";
		};
		CEB15DDE23588F3600659D1A /* Resources */ = {
			isa = PBXGroup;
			children = (
				CEB15DD9235883F600659D1A /* Localizable.strings */,
				CEF748D023587A680023FD9B /* Assets.xcassets */,
			);
			path = Resources;
			sourceTree = "<group>";
		};
		CEB15DDF23588FDA00659D1A /* Supporting Files */ = {
			isa = PBXGroup;
			children = (
				CEF748D523587A680023FD9B /* Info.plist */,
			);
			path = "Supporting Files";
			sourceTree = "<group>";
		};
		CEB15DE02358904500659D1A /* Networking */ = {
			isa = PBXGroup;
			children = (
				CE01FD8D235DCFFC00090A0E /* News */,
				CE6ADF55235895B60051C879 /* Core */,
			);
			path = Networking;
			sourceTree = "<group>";
		};
		CEB15DE12358905900659D1A /* Base */ = {
			isa = PBXGroup;
			children = (
				CEB15DE6235891E700659D1A /* BaseViewController.swift */,
				CEB15DE8235891F700659D1A /* BasePresenter.swift */,
				CEB15DEA2358920400659D1A /* BaseModel.swift */,
				CEB15DEC2358922C00659D1A /* ViewController+Extensions.swift */,
				CEB15DE5235890BE00659D1A /* Base Protocols */,
			);
			path = Base;
			sourceTree = "<group>";
		};
		CEB15DE22358905F00659D1A /* Entity */ = {
			isa = PBXGroup;
			children = (
				CE01FD7E235DC7B500090A0E /* MaterialResponse.swift */,
				CE01FD87235DCBBB00090A0E /* SliderMaterialResponse.swift */,
				CE01FD88235DCBBB00090A0E /* Slider.swift */,
				CE01FD80235DC7B500090A0E /* Materials.swift */,
				CE01FD7F235DC7B500090A0E /* Images.swift */,
				CE01FD7D235DC7B500090A0E /* Tags.swift */,
				CE01FD89235DCBBC00090A0E /* Videos.swift */,
			);
			path = Entity;
			sourceTree = "<group>";
		};
		CEB15DE42358908F00659D1A /* Scenes */ = {
			isa = PBXGroup;
			children = (
				CE6ADF602358A2040051C879 /* News Screen */,
			);
			path = Scenes;
			sourceTree = "<group>";
		};
		CEB15DE5235890BE00659D1A /* Base Protocols */ = {
			isa = PBXGroup;
			children = (
				CEB15DEE235892D500659D1A /* BaseViewProtocol.swift */,
				CEB15DF0235892E700659D1A /* BasePresenterProtocol.swift */,
				CEB15DF2235892FB00659D1A /* BaseModelProtocol.swift */,
			);
			path = "Base Protocols";
			sourceTree = "<group>";
		};
		CEF748BD23587A670023FD9B = {
			isa = PBXGroup;
			children = (
				CEF748C823587A670023FD9B /* SabkTrial */,
				CEF748DD23587A680023FD9B /* SabkTrialTests */,
				CEF748E823587A680023FD9B /* SabkTrialUITests */,
				CEF748C723587A670023FD9B /* Products */,
				7A6CF97E7D997DEC1F4F9731 /* Pods */,
				7220250AFB9572B3526B8671 /* Frameworks */,
			);
			sourceTree = "<group>";
		};
		CEF748C723587A670023FD9B /* Products */ = {
			isa = PBXGroup;
			children = (
				CEF748C623587A670023FD9B /* SabkTrial.app */,
				CEF748DA23587A680023FD9B /* SabkTrialTests.xctest */,
				CEF748E523587A680023FD9B /* SabkTrialUITests.xctest */,
			);
			name = Products;
			sourceTree = "<group>";
		};
		CEF748C823587A670023FD9B /* SabkTrial */ = {
			isa = PBXGroup;
			children = (
				CEB15DDB23588EB200659D1A /* AppDelegate */,
				CEB15DE42358908F00659D1A /* Scenes */,
				CEB15DE22358905F00659D1A /* Entity */,
				CEB15DE12358905900659D1A /* Base */,
				CEB15DE02358904500659D1A /* Networking */,
				CEB15DDE23588F3600659D1A /* Resources */,
				CEB15DDD23588EF700659D1A /* UI */,
				CEB15DDF23588FDA00659D1A /* Supporting Files */,
			);
			path = SabkTrial;
			sourceTree = "<group>";
		};
		CEF748DD23587A680023FD9B /* SabkTrialTests */ = {
			isa = PBXGroup;
			children = (
				CEF748DE23587A680023FD9B /* SabkTrialTests.swift */,
				CEF748E023587A680023FD9B /* Info.plist */,
			);
			path = SabkTrialTests;
			sourceTree = "<group>";
		};
		CEF748E823587A680023FD9B /* SabkTrialUITests */ = {
			isa = PBXGroup;
			children = (
				CEF748E923587A680023FD9B /* SabkTrialUITests.swift */,
				CEF748EB23587A680023FD9B /* Info.plist */,
			);
			path = SabkTrialUITests;
			sourceTree = "<group>";
		};
/* End PBXGroup section */

/* Begin PBXNativeTarget section */
		CEF748C523587A670023FD9B /* SabkTrial */ = {
			isa = PBXNativeTarget;
			buildConfigurationList = CEF748EE23587A680023FD9B /* Build configuration list for PBXNativeTarget "SabkTrial" */;
			buildPhases = (
				6F7D400264E5D8E648F028D2 /* [CP] Check Pods Manifest.lock */,
				CEF748C223587A670023FD9B /* Sources */,
				CEF748C323587A670023FD9B /* Frameworks */,
				CEF748C423587A670023FD9B /* Resources */,
			);
			buildRules = (
			);
			dependencies = (
			);
			name = SabkTrial;
			productName = SabkTrial;
			productReference = CEF748C623587A670023FD9B /* SabkTrial.app */;
			productType = "com.apple.product-type.application";
		};
		CEF748D923587A680023FD9B /* SabkTrialTests */ = {
			isa = PBXNativeTarget;
			buildConfigurationList = CEF748F123587A680023FD9B /* Build configuration list for PBXNativeTarget "SabkTrialTests" */;
			buildPhases = (
				CE506D9537BEB329B257EEB7 /* [CP] Check Pods Manifest.lock */,
				CEF748D623587A680023FD9B /* Sources */,
				CEF748D723587A680023FD9B /* Frameworks */,
				CEF748D823587A680023FD9B /* Resources */,
			);
			buildRules = (
			);
			dependencies = (
				CEF748DC23587A680023FD9B /* PBXTargetDependency */,
			);
			name = SabkTrialTests;
			productName = SabkTrialTests;
			productReference = CEF748DA23587A680023FD9B /* SabkTrialTests.xctest */;
			productType = "com.apple.product-type.bundle.unit-test";
		};
		CEF748E423587A680023FD9B /* SabkTrialUITests */ = {
			isa = PBXNativeTarget;
			buildConfigurationList = CEF748F423587A680023FD9B /* Build configuration list for PBXNativeTarget "SabkTrialUITests" */;
			buildPhases = (
				F673AA2BA7AFC77AF742D8CF /* [CP] Check Pods Manifest.lock */,
				CEF748E123587A680023FD9B /* Sources */,
				CEF748E223587A680023FD9B /* Frameworks */,
				CEF748E323587A680023FD9B /* Resources */,
			);
			buildRules = (
			);
			dependencies = (
				CEF748E723587A680023FD9B /* PBXTargetDependency */,
			);
			name = SabkTrialUITests;
			productName = SabkTrialUITests;
			productReference = CEF748E523587A680023FD9B /* SabkTrialUITests.xctest */;
			productType = "com.apple.product-type.bundle.ui-testing";
		};
/* End PBXNativeTarget section */

/* Begin PBXProject section */
		CEF748BE23587A670023FD9B /* Project object */ = {
			isa = PBXProject;
			attributes = {
				LastSwiftUpdateCheck = 1030;
				LastUpgradeCheck = 1030;
				ORGANIZATIONNAME = Samira.Marassy;
				TargetAttributes = {
					CEF748C523587A670023FD9B = {
						CreatedOnToolsVersion = 10.3;
					};
					CEF748D923587A680023FD9B = {
						CreatedOnToolsVersion = 10.3;
						TestTargetID = CEF748C523587A670023FD9B;
					};
					CEF748E423587A680023FD9B = {
						CreatedOnToolsVersion = 10.3;
						TestTargetID = CEF748C523587A670023FD9B;
					};
				};
			};
			buildConfigurationList = CEF748C123587A670023FD9B /* Build configuration list for PBXProject "SabkTrial" */;
			compatibilityVersion = "Xcode 9.3";
			developmentRegion = en;
			hasScannedForEncodings = 0;
			knownRegions = (
				en,
				Base,
				ar,
			);
			mainGroup = CEF748BD23587A670023FD9B;
			productRefGroup = CEF748C723587A670023FD9B /* Products */;
			projectDirPath = "";
			projectRoot = "";
			targets = (
				CEF748C523587A670023FD9B /* SabkTrial */,
				CEF748D923587A680023FD9B /* SabkTrialTests */,
				CEF748E423587A680023FD9B /* SabkTrialUITests */,
			);
		};
/* End PBXProject section */

/* Begin PBXResourcesBuildPhase section */
		CEF748C423587A670023FD9B /* Resources */ = {
			isa = PBXResourcesBuildPhase;
			buildActionMask = 2147483647;
			files = (
				CE09B5A4235C8D1C00979FF1 /* HeaderSliderCell.xib in Resources */,
				CE01FD78235D98F800090A0E /* SliderSectionCell.xib in Resources */,
				CE09B59A235C682800979FF1 /* NewsScreenViewController.xib in Resources */,
				CEF748D423587A680023FD9B /* LaunchScreen.storyboard in Resources */,
				CE01FD7C235DB88E00090A0E /* NewsSectionCell.xib in Resources */,
				CEB15DD7235883F600659D1A /* Localizable.strings in Resources */,
				CEF748D123587A680023FD9B /* Assets.xcassets in Resources */,
			);
			runOnlyForDeploymentPostprocessing = 0;
		};
		CEF748D823587A680023FD9B /* Resources */ = {
			isa = PBXResourcesBuildPhase;
			buildActionMask = 2147483647;
			files = (
			);
			runOnlyForDeploymentPostprocessing = 0;
		};
		CEF748E323587A680023FD9B /* Resources */ = {
			isa = PBXResourcesBuildPhase;
			buildActionMask = 2147483647;
			files = (
			);
			runOnlyForDeploymentPostprocessing = 0;
		};
/* End PBXResourcesBuildPhase section */

/* Begin PBXShellScriptBuildPhase section */
		6F7D400264E5D8E648F028D2 /* [CP] Check Pods Manifest.lock */ = {
			isa = PBXShellScriptBuildPhase;
			buildActionMask = 2147483647;
			files = (
			);
			inputFileListPaths = (
			);
			inputPaths = (
				"${PODS_PODFILE_DIR_PATH}/Podfile.lock",
				"${PODS_ROOT}/Manifest.lock",
			);
			name = "[CP] Check Pods Manifest.lock";
			outputFileListPaths = (
			);
			outputPaths = (
				"$(DERIVED_FILE_DIR)/Pods-SabkTrial-checkManifestLockResult.txt",
			);
			runOnlyForDeploymentPostprocessing = 0;
			shellPath = /bin/sh;
			shellScript = "diff \"${PODS_PODFILE_DIR_PATH}/Podfile.lock\" \"${PODS_ROOT}/Manifest.lock\" > /dev/null\nif [ $? != 0 ] ; then\n    # print error to STDERR\n    echo \"error: The sandbox is not in sync with the Podfile.lock. Run 'pod install' or update your CocoaPods installation.\" >&2\n    exit 1\nfi\n# This output is used by Xcode 'outputs' to avoid re-running this script phase.\necho \"SUCCESS\" > \"${SCRIPT_OUTPUT_FILE_0}\"\n";
			showEnvVarsInLog = 0;
		};
		CE506D9537BEB329B257EEB7 /* [CP] Check Pods Manifest.lock */ = {
			isa = PBXShellScriptBuildPhase;
			buildActionMask = 2147483647;
			files = (
			);
			inputFileListPaths = (
			);
			inputPaths = (
				"${PODS_PODFILE_DIR_PATH}/Podfile.lock",
				"${PODS_ROOT}/Manifest.lock",
			);
			name = "[CP] Check Pods Manifest.lock";
			outputFileListPaths = (
			);
			outputPaths = (
				"$(DERIVED_FILE_DIR)/Pods-SabkTrialTests-checkManifestLockResult.txt",
			);
			runOnlyForDeploymentPostprocessing = 0;
			shellPath = /bin/sh;
			shellScript = "diff \"${PODS_PODFILE_DIR_PATH}/Podfile.lock\" \"${PODS_ROOT}/Manifest.lock\" > /dev/null\nif [ $? != 0 ] ; then\n    # print error to STDERR\n    echo \"error: The sandbox is not in sync with the Podfile.lock. Run 'pod install' or update your CocoaPods installation.\" >&2\n    exit 1\nfi\n# This output is used by Xcode 'outputs' to avoid re-running this script phase.\necho \"SUCCESS\" > \"${SCRIPT_OUTPUT_FILE_0}\"\n";
			showEnvVarsInLog = 0;
		};
		F673AA2BA7AFC77AF742D8CF /* [CP] Check Pods Manifest.lock */ = {
			isa = PBXShellScriptBuildPhase;
			buildActionMask = 2147483647;
			files = (
			);
			inputFileListPaths = (
			);
			inputPaths = (
				"${PODS_PODFILE_DIR_PATH}/Podfile.lock",
				"${PODS_ROOT}/Manifest.lock",
			);
			name = "[CP] Check Pods Manifest.lock";
			outputFileListPaths = (
			);
			outputPaths = (
				"$(DERIVED_FILE_DIR)/Pods-SabkTrialUITests-checkManifestLockResult.txt",
			);
			runOnlyForDeploymentPostprocessing = 0;
			shellPath = /bin/sh;
			shellScript = "diff \"${PODS_PODFILE_DIR_PATH}/Podfile.lock\" \"${PODS_ROOT}/Manifest.lock\" > /dev/null\nif [ $? != 0 ] ; then\n    # print error to STDERR\n    echo \"error: The sandbox is not in sync with the Podfile.lock. Run 'pod install' or update your CocoaPods installation.\" >&2\n    exit 1\nfi\n# This output is used by Xcode 'outputs' to avoid re-running this script phase.\necho \"SUCCESS\" > \"${SCRIPT_OUTPUT_FILE_0}\"\n";
			showEnvVarsInLog = 0;
		};
/* End PBXShellScriptBuildPhase section */

/* Begin PBXSourcesBuildPhase section */
		CEF748C223587A670023FD9B /* Sources */ = {
			isa = PBXSourcesBuildPhase;
			buildActionMask = 2147483647;
			files = (
				CE01FD91235DD11200090A0E /* NewsService.swift in Sources */,
				CE6ADF5D23589A740051C879 /* NetworkManager.swift in Sources */,
				CE01FD84235DC7B500090A0E /* Materials.swift in Sources */,
				CEB15DF3235892FB00659D1A /* BaseModelProtocol.swift in Sources */,
				CE01FD81235DC7B500090A0E /* Tags.swift in Sources */,
				CE01FD8B235DCBBC00090A0E /* Slider.swift in Sources */,
				CE6ADF57235897A30051C879 /* StaticHeaderPlugin.swift in Sources */,
				CE01FD77235D98F800090A0E /* SliderSectionCell.swift in Sources */,
				CE01FD8F235DD01E00090A0E /* NetworkService+NewsService.swift in Sources */,
				CEF748CA23587A670023FD9B /* AppDelegate.swift in Sources */,
				CE01FD8A235DCBBC00090A0E /* SliderMaterialResponse.swift in Sources */,
				CEB15DED2358922C00659D1A /* ViewController+Extensions.swift in Sources */,
				CEB15DE9235891F700659D1A /* BasePresenter.swift in Sources */,
				CE6ADF662358A2400051C879 /* NewsScreenPresenter.swift in Sources */,
				CE6ADF5F23589AB20051C879 /* AppDelegate+Extentions.swift in Sources */,
				CE09B589235C53DF00979FF1 /* NewsScreenAdaptor.swift in Sources */,
				CEB15DEB2358920400659D1A /* BaseModel.swift in Sources */,
				CE09B599235C682800979FF1 /* NewsScreenViewController.swift in Sources */,
				CE01FD83235DC7B500090A0E /* Images.swift in Sources */,
				CE01FD8C235DCBBC00090A0E /* Videos.swift in Sources */,
				CE09B5A3235C8D1C00979FF1 /* HeaderSliderCell.swift in Sources */,
				CE6ADF682358A24D0051C879 /* NewsScreenModel.swift in Sources */,
				CEB15DE7235891E700659D1A /* BaseViewController.swift in Sources */,
				CEB15DF1235892E700659D1A /* BasePresenterProtocol.swift in Sources */,
				CE01FD82235DC7B500090A0E /* MaterialResponse.swift in Sources */,
				CE6ADF6A2358A2730051C879 /* NewsScreenProtocols.swift in Sources */,
				CE6ADF59235897CF0051C879 /* NetworkDefaults.swift in Sources */,
				CE6ADF5B2358981A0051C879 /* NetworkError.swift in Sources */,
				CEB15DEF235892D500659D1A /* BaseViewProtocol.swift in Sources */,
				CE01FD7B235DB88E00090A0E /* NewsSectionCell.swift in Sources */,
			);
			runOnlyForDeploymentPostprocessing = 0;
		};
		CEF748D623587A680023FD9B /* Sources */ = {
			isa = PBXSourcesBuildPhase;
			buildActionMask = 2147483647;
			files = (
				CEF748DF23587A680023FD9B /* SabkTrialTests.swift in Sources */,
			);
			runOnlyForDeploymentPostprocessing = 0;
		};
		CEF748E123587A680023FD9B /* Sources */ = {
			isa = PBXSourcesBuildPhase;
			buildActionMask = 2147483647;
			files = (
				CEF748EA23587A680023FD9B /* SabkTrialUITests.swift in Sources */,
			);
			runOnlyForDeploymentPostprocessing = 0;
		};
/* End PBXSourcesBuildPhase section */

/* Begin PBXTargetDependency section */
		CEF748DC23587A680023FD9B /* PBXTargetDependency */ = {
			isa = PBXTargetDependency;
			target = CEF748C523587A670023FD9B /* SabkTrial */;
			targetProxy = CEF748DB23587A680023FD9B /* PBXContainerItemProxy */;
		};
		CEF748E723587A680023FD9B /* PBXTargetDependency */ = {
			isa = PBXTargetDependency;
			target = CEF748C523587A670023FD9B /* SabkTrial */;
			targetProxy = CEF748E623587A680023FD9B /* PBXContainerItemProxy */;
		};
/* End PBXTargetDependency section */

/* Begin PBXVariantGroup section */
		CEB15DD9235883F600659D1A /* Localizable.strings */ = {
			isa = PBXVariantGroup;
			children = (
				CEB15DD8235883F600659D1A /* en */,
				CEB15DDA235883FC00659D1A /* ar */,
			);
			name = Localizable.strings;
			sourceTree = "<group>";
		};
		CEF748D223587A680023FD9B /* LaunchScreen.storyboard */ = {
			isa = PBXVariantGroup;
			children = (
				CEF748D323587A680023FD9B /* Base */,
				CEB15DD423587F8400659D1A /* ar */,
			);
			name = LaunchScreen.storyboard;
			sourceTree = "<group>";
		};
/* End PBXVariantGroup section */

/* Begin XCBuildConfiguration section */
		CEF748EC23587A680023FD9B /* Debug */ = {
			isa = XCBuildConfiguration;
			buildSettings = {
				ALWAYS_SEARCH_USER_PATHS = NO;
				CLANG_ANALYZER_LOCALIZABILITY_NONLOCALIZED = YES;
				CLANG_ANALYZER_NONNULL = YES;
				CLANG_ANALYZER_NUMBER_OBJECT_CONVERSION = YES_AGGRESSIVE;
				CLANG_CXX_LANGUAGE_STANDARD = "gnu++14";
				CLANG_CXX_LIBRARY = "libc++";
				CLANG_ENABLE_MODULES = YES;
				CLANG_ENABLE_OBJC_ARC = YES;
				CLANG_ENABLE_OBJC_WEAK = YES;
				CLANG_WARN_BLOCK_CAPTURE_AUTORELEASING = YES;
				CLANG_WARN_BOOL_CONVERSION = YES;
				CLANG_WARN_COMMA = YES;
				CLANG_WARN_CONSTANT_CONVERSION = YES;
				CLANG_WARN_DEPRECATED_OBJC_IMPLEMENTATIONS = YES;
				CLANG_WARN_DIRECT_OBJC_ISA_USAGE = YES_ERROR;
				CLANG_WARN_DOCUMENTATION_COMMENTS = YES;
				CLANG_WARN_EMPTY_BODY = YES;
				CLANG_WARN_ENUM_CONVERSION = YES;
				CLANG_WARN_INFINITE_RECURSION = YES;
				CLANG_WARN_INT_CONVERSION = YES;
				CLANG_WARN_NON_LITERAL_NULL_CONVERSION = YES;
				CLANG_WARN_OBJC_IMPLICIT_RETAIN_SELF = YES;
				CLANG_WARN_OBJC_LITERAL_CONVERSION = YES;
				CLANG_WARN_OBJC_ROOT_CLASS = YES_ERROR;
				CLANG_WARN_RANGE_LOOP_ANALYSIS = YES;
				CLANG_WARN_STRICT_PROTOTYPES = YES;
				CLANG_WARN_SUSPICIOUS_MOVE = YES;
				CLANG_WARN_UNGUARDED_AVAILABILITY = YES_AGGRESSIVE;
				CLANG_WARN_UNREACHABLE_CODE = YES;
				CLANG_WARN__DUPLICATE_METHOD_MATCH = YES;
				CODE_SIGN_IDENTITY = "iPhone Developer";
				COPY_PHASE_STRIP = NO;
				DEBUG_INFORMATION_FORMAT = dwarf;
				ENABLE_STRICT_OBJC_MSGSEND = YES;
				ENABLE_TESTABILITY = YES;
				GCC_C_LANGUAGE_STANDARD = gnu11;
				GCC_DYNAMIC_NO_PIC = NO;
				GCC_NO_COMMON_BLOCKS = YES;
				GCC_OPTIMIZATION_LEVEL = 0;
				GCC_PREPROCESSOR_DEFINITIONS = (
					"DEBUG=1",
					"$(inherited)",
				);
				GCC_WARN_64_TO_32_BIT_CONVERSION = YES;
				GCC_WARN_ABOUT_RETURN_TYPE = YES_ERROR;
				GCC_WARN_UNDECLARED_SELECTOR = YES;
				GCC_WARN_UNINITIALIZED_AUTOS = YES_AGGRESSIVE;
				GCC_WARN_UNUSED_FUNCTION = YES;
				GCC_WARN_UNUSED_VARIABLE = YES;
				IPHONEOS_DEPLOYMENT_TARGET = 12.4;
				MTL_ENABLE_DEBUG_INFO = INCLUDE_SOURCE;
				MTL_FAST_MATH = YES;
				ONLY_ACTIVE_ARCH = YES;
				SDKROOT = iphoneos;
				SWIFT_ACTIVE_COMPILATION_CONDITIONS = DEBUG;
				SWIFT_OPTIMIZATION_LEVEL = "-Onone";
			};
			name = Debug;
		};
		CEF748ED23587A680023FD9B /* Release */ = {
			isa = XCBuildConfiguration;
			buildSettings = {
				ALWAYS_SEARCH_USER_PATHS = NO;
				CLANG_ANALYZER_LOCALIZABILITY_NONLOCALIZED = YES;
				CLANG_ANALYZER_NONNULL = YES;
				CLANG_ANALYZER_NUMBER_OBJECT_CONVERSION = YES_AGGRESSIVE;
				CLANG_CXX_LANGUAGE_STANDARD = "gnu++14";
				CLANG_CXX_LIBRARY = "libc++";
				CLANG_ENABLE_MODULES = YES;
				CLANG_ENABLE_OBJC_ARC = YES;
				CLANG_ENABLE_OBJC_WEAK = YES;
				CLANG_WARN_BLOCK_CAPTURE_AUTORELEASING = YES;
				CLANG_WARN_BOOL_CONVERSION = YES;
				CLANG_WARN_COMMA = YES;
				CLANG_WARN_CONSTANT_CONVERSION = YES;
				CLANG_WARN_DEPRECATED_OBJC_IMPLEMENTATIONS = YES;
				CLANG_WARN_DIRECT_OBJC_ISA_USAGE = YES_ERROR;
				CLANG_WARN_DOCUMENTATION_COMMENTS = YES;
				CLANG_WARN_EMPTY_BODY = YES;
				CLANG_WARN_ENUM_CONVERSION = YES;
				CLANG_WARN_INFINITE_RECURSION = YES;
				CLANG_WARN_INT_CONVERSION = YES;
				CLANG_WARN_NON_LITERAL_NULL_CONVERSION = YES;
				CLANG_WARN_OBJC_IMPLICIT_RETAIN_SELF = YES;
				CLANG_WARN_OBJC_LITERAL_CONVERSION = YES;
				CLANG_WARN_OBJC_ROOT_CLASS = YES_ERROR;
				CLANG_WARN_RANGE_LOOP_ANALYSIS = YES;
				CLANG_WARN_STRICT_PROTOTYPES = YES;
				CLANG_WARN_SUSPICIOUS_MOVE = YES;
				CLANG_WARN_UNGUARDED_AVAILABILITY = YES_AGGRESSIVE;
				CLANG_WARN_UNREACHABLE_CODE = YES;
				CLANG_WARN__DUPLICATE_METHOD_MATCH = YES;
				CODE_SIGN_IDENTITY = "iPhone Developer";
				COPY_PHASE_STRIP = NO;
				DEBUG_INFORMATION_FORMAT = "dwarf-with-dsym";
				ENABLE_NS_ASSERTIONS = NO;
				ENABLE_STRICT_OBJC_MSGSEND = YES;
				GCC_C_LANGUAGE_STANDARD = gnu11;
				GCC_NO_COMMON_BLOCKS = YES;
				GCC_WARN_64_TO_32_BIT_CONVERSION = YES;
				GCC_WARN_ABOUT_RETURN_TYPE = YES_ERROR;
				GCC_WARN_UNDECLARED_SELECTOR = YES;
				GCC_WARN_UNINITIALIZED_AUTOS = YES_AGGRESSIVE;
				GCC_WARN_UNUSED_FUNCTION = YES;
				GCC_WARN_UNUSED_VARIABLE = YES;
				IPHONEOS_DEPLOYMENT_TARGET = 12.4;
				MTL_ENABLE_DEBUG_INFO = NO;
				MTL_FAST_MATH = YES;
				SDKROOT = iphoneos;
				SWIFT_COMPILATION_MODE = wholemodule;
				SWIFT_OPTIMIZATION_LEVEL = "-O";
				VALIDATE_PRODUCT = YES;
			};
			name = Release;
		};
		CEF748EF23587A680023FD9B /* Debug */ = {
			isa = XCBuildConfiguration;
			baseConfigurationReference = 2712416DDC708D3E687C0616 /* Pods-SabkTrial.debug.xcconfig */;
			buildSettings = {
				ASSETCATALOG_COMPILER_APPICON_NAME = AppIcon;
				CODE_SIGN_STYLE = Automatic;
				INFOPLIST_FILE = "$(SRCROOT)/SabkTrial/Supporting Files/Info.plist";
				LD_RUNPATH_SEARCH_PATHS = (
					"$(inherited)",
					"@executable_path/Frameworks",
				);
				PRODUCT_BUNDLE_IDENTIFIER = Ibtikar.SabkTrial;
				PRODUCT_NAME = "$(TARGET_NAME)";
				SWIFT_VERSION = 5.0;
				TARGETED_DEVICE_FAMILY = "1,2";
			};
			name = Debug;
		};
		CEF748F023587A680023FD9B /* Release */ = {
			isa = XCBuildConfiguration;
			baseConfigurationReference = 8BFA054A62CCE14C21F141BC /* Pods-SabkTrial.release.xcconfig */;
			buildSettings = {
				ASSETCATALOG_COMPILER_APPICON_NAME = AppIcon;
				CODE_SIGN_STYLE = Automatic;
				INFOPLIST_FILE = "$(SRCROOT)/SabkTrial/Supporting Files/Info.plist";
				LD_RUNPATH_SEARCH_PATHS = (
					"$(inherited)",
					"@executable_path/Frameworks",
				);
				PRODUCT_BUNDLE_IDENTIFIER = Ibtikar.SabkTrial;
				PRODUCT_NAME = "$(TARGET_NAME)";
				SWIFT_VERSION = 5.0;
				TARGETED_DEVICE_FAMILY = "1,2";
			};
			name = Release;
		};
		CEF748F223587A680023FD9B /* Debug */ = {
			isa = XCBuildConfiguration;
			baseConfigurationReference = DBB3DAB342B2D484F7CE0456 /* Pods-SabkTrialTests.debug.xcconfig */;
			buildSettings = {
				ALWAYS_EMBED_SWIFT_STANDARD_LIBRARIES = YES;
				BUNDLE_LOADER = "$(TEST_HOST)";
				CODE_SIGN_STYLE = Automatic;
				INFOPLIST_FILE = SabkTrialTests/Info.plist;
				LD_RUNPATH_SEARCH_PATHS = (
					"$(inherited)",
					"@executable_path/Frameworks",
					"@loader_path/Frameworks",
				);
				PRODUCT_BUNDLE_IDENTIFIER = Ibtikar.SabkTrialTests;
				PRODUCT_NAME = "$(TARGET_NAME)";
				SWIFT_VERSION = 5.0;
				TARGETED_DEVICE_FAMILY = "1,2";
				TEST_HOST = "$(BUILT_PRODUCTS_DIR)/SabkTrial.app/SabkTrial";
			};
			name = Debug;
		};
		CEF748F323587A680023FD9B /* Release */ = {
			isa = XCBuildConfiguration;
			baseConfigurationReference = 2BFE6F351CFBB245AC7DC141 /* Pods-SabkTrialTests.release.xcconfig */;
			buildSettings = {
				ALWAYS_EMBED_SWIFT_STANDARD_LIBRARIES = YES;
				BUNDLE_LOADER = "$(TEST_HOST)";
				CODE_SIGN_STYLE = Automatic;
				INFOPLIST_FILE = SabkTrialTests/Info.plist;
				LD_RUNPATH_SEARCH_PATHS = (
					"$(inherited)",
					"@executable_path/Frameworks",
					"@loader_path/Frameworks",
				);
				PRODUCT_BUNDLE_IDENTIFIER = Ibtikar.SabkTrialTests;
				PRODUCT_NAME = "$(TARGET_NAME)";
				SWIFT_VERSION = 5.0;
				TARGETED_DEVICE_FAMILY = "1,2";
				TEST_HOST = "$(BUILT_PRODUCTS_DIR)/SabkTrial.app/SabkTrial";
			};
			name = Release;
		};
		CEF748F523587A680023FD9B /* Debug */ = {
			isa = XCBuildConfiguration;
			baseConfigurationReference = 026B78E834FD521ABCA68388 /* Pods-SabkTrialUITests.debug.xcconfig */;
			buildSettings = {
				ALWAYS_EMBED_SWIFT_STANDARD_LIBRARIES = YES;
				CODE_SIGN_STYLE = Automatic;
				INFOPLIST_FILE = SabkTrialUITests/Info.plist;
				LD_RUNPATH_SEARCH_PATHS = (
					"$(inherited)",
					"@executable_path/Frameworks",
					"@loader_path/Frameworks",
				);
				PRODUCT_BUNDLE_IDENTIFIER = Ibtikar.SabkTrialUITests;
				PRODUCT_NAME = "$(TARGET_NAME)";
				SWIFT_VERSION = 5.0;
				TARGETED_DEVICE_FAMILY = "1,2";
				TEST_TARGET_NAME = SabkTrial;
			};
			name = Debug;
		};
		CEF748F623587A680023FD9B /* Release */ = {
			isa = XCBuildConfiguration;
			baseConfigurationReference = 7556A7BD12E7B5A681438BC9 /* Pods-SabkTrialUITests.release.xcconfig */;
			buildSettings = {
				ALWAYS_EMBED_SWIFT_STANDARD_LIBRARIES = YES;
				CODE_SIGN_STYLE = Automatic;
				INFOPLIST_FILE = SabkTrialUITests/Info.plist;
				LD_RUNPATH_SEARCH_PATHS = (
					"$(inherited)",
					"@executable_path/Frameworks",
					"@loader_path/Frameworks",
				);
				PRODUCT_BUNDLE_IDENTIFIER = Ibtikar.SabkTrialUITests;
				PRODUCT_NAME = "$(TARGET_NAME)";
				SWIFT_VERSION = 5.0;
				TARGETED_DEVICE_FAMILY = "1,2";
				TEST_TARGET_NAME = SabkTrial;
			};
			name = Release;
		};
/* End XCBuildConfiguration section */

/* Begin XCConfigurationList section */
		CEF748C123587A670023FD9B /* Build configuration list for PBXProject "SabkTrial" */ = {
			isa = XCConfigurationList;
			buildConfigurations = (
				CEF748EC23587A680023FD9B /* Debug */,
				CEF748ED23587A680023FD9B /* Release */,
			);
			defaultConfigurationIsVisible = 0;
			defaultConfigurationName = Release;
		};
		CEF748EE23587A680023FD9B /* Build configuration list for PBXNativeTarget "SabkTrial" */ = {
			isa = XCConfigurationList;
			buildConfigurations = (
				CEF748EF23587A680023FD9B /* Debug */,
				CEF748F023587A680023FD9B /* Release */,
			);
			defaultConfigurationIsVisible = 0;
			defaultConfigurationName = Release;
		};
		CEF748F123587A680023FD9B /* Build configuration list for PBXNativeTarget "SabkTrialTests" */ = {
			isa = XCConfigurationList;
			buildConfigurations = (
				CEF748F223587A680023FD9B /* Debug */,
				CEF748F323587A680023FD9B /* Release */,
			);
			defaultConfigurationIsVisible = 0;
			defaultConfigurationName = Release;
		};
		CEF748F423587A680023FD9B /* Build configuration list for PBXNativeTarget "SabkTrialUITests" */ = {
			isa = XCConfigurationList;
			buildConfigurations = (
				CEF748F523587A680023FD9B /* Debug */,
				CEF748F623587A680023FD9B /* Release */,
			);
			defaultConfigurationIsVisible = 0;
			defaultConfigurationName = Release;
		};
/* End XCConfigurationList section */
	};
	rootObject = CEF748BE23587A670023FD9B /* Project object */;
}
