// !$*UTF8*$!
{
	archiveVersion = 1;
	classes = {
	};
	objectVersion = 51;
	objects = {

/* Begin PBXBuildFile section */
		09759A42FD8EA20B6A44D1AC /* Pods_SabkTrial.framework in Frameworks */ = {isa = PBXBuildFile; fileRef = C44CD89E684A0BEE3BC37FAB /* Pods_SabkTrial.framework */; };
		2488B2F61CB76CE28220715F /* Pods_SabkTrialUITests.framework in Frameworks */ = {isa = PBXBuildFile; fileRef = 9E345034EB2250D7200DF2F4 /* Pods_SabkTrialUITests.framework */; };
		B9E0194B99BACA59298F082F /* Pods_SabkTrialTests.framework in Frameworks */ = {isa = PBXBuildFile; fileRef = 53D6DE0EA891A18D48AEF9C2 /* Pods_SabkTrialTests.framework */; };
		CE01FD77235D98F800090A0E /* SliderSectionCell.swift in Sources */ = {isa = PBXBuildFile; fileRef = CE01FD75235D98F800090A0E /* SliderSectionCell.swift */; };
		CE01FD78235D98F800090A0E /* SliderSectionCell.xib in Resources */ = {isa = PBXBuildFile; fileRef = CE01FD76235D98F800090A0E /* SliderSectionCell.xib */; };
		CE01FD8F235DD01E00090A0E /* NetworkService+NewsService.swift in Sources */ = {isa = PBXBuildFile; fileRef = CE01FD8E235DD01E00090A0E /* NetworkService+NewsService.swift */; };
		CE01FD91235DD11200090A0E /* NewsService.swift in Sources */ = {isa = PBXBuildFile; fileRef = CE01FD90235DD11200090A0E /* NewsService.swift */; };
		CE0747C0237AD42F007B4ADD /* Twitter.framework in Frameworks */ = {isa = PBXBuildFile; fileRef = CE0747BF237AD42F007B4ADD /* Twitter.framework */; };
		CE0747C2237AD5D4007B4ADD /* Default-568h@2x.png in Resources */ = {isa = PBXBuildFile; fileRef = CE0747C1237AD5D4007B4ADD /* Default-568h@2x.png */; };
		CE09B589235C53DF00979FF1 /* NewsScreenAdaptor.swift in Sources */ = {isa = PBXBuildFile; fileRef = CE09B588235C53DF00979FF1 /* NewsScreenAdaptor.swift */; };
		CE09B599235C682800979FF1 /* NewsScreenViewController.swift in Sources */ = {isa = PBXBuildFile; fileRef = CE09B597235C682800979FF1 /* NewsScreenViewController.swift */; };
		CE09B59A235C682800979FF1 /* NewsScreenViewController.xib in Resources */ = {isa = PBXBuildFile; fileRef = CE09B598235C682800979FF1 /* NewsScreenViewController.xib */; };
		CE09B5A3235C8D1C00979FF1 /* HeaderSliderCell.swift in Sources */ = {isa = PBXBuildFile; fileRef = CE09B5A1235C8D1C00979FF1 /* HeaderSliderCell.swift */; };
		CE09B5A4235C8D1C00979FF1 /* HeaderSliderCell.xib in Resources */ = {isa = PBXBuildFile; fileRef = CE09B5A2235C8D1C00979FF1 /* HeaderSliderCell.xib */; };
		CE0DB340235F13FB00340A60 /* Extentions.swift in Sources */ = {isa = PBXBuildFile; fileRef = CE0DB33F235F13FB00340A60 /* Extentions.swift */; };
		CE0F18132361A0CC003FE11D /* ArticlesResponse.swift in Sources */ = {isa = PBXBuildFile; fileRef = CE0F18122361A0CC003FE11D /* ArticlesResponse.swift */; };
		CE0F18172361A78E003FE11D /* ArticlesCell.swift in Sources */ = {isa = PBXBuildFile; fileRef = CE0F18152361A78E003FE11D /* ArticlesCell.swift */; };
		CE0F18182361A78E003FE11D /* ArticlesCell.xib in Resources */ = {isa = PBXBuildFile; fileRef = CE0F18162361A78E003FE11D /* ArticlesCell.xib */; };
		CE0F181A2361A79C003FE11D /* ArticlesAdaptor.swift in Sources */ = {isa = PBXBuildFile; fileRef = CE0F18192361A79C003FE11D /* ArticlesAdaptor.swift */; };
		CE0F181D2361AA21003FE11D /* ArticlesCollectionViewCell.swift in Sources */ = {isa = PBXBuildFile; fileRef = CE0F181B2361AA21003FE11D /* ArticlesCollectionViewCell.swift */; };
		CE0F181E2361AA21003FE11D /* ArticlesCollectionViewCell.xib in Resources */ = {isa = PBXBuildFile; fileRef = CE0F181C2361AA21003FE11D /* ArticlesCollectionViewCell.xib */; };
		CE1074242360634A002C71E4 /* VideosCell.swift in Sources */ = {isa = PBXBuildFile; fileRef = CE1074222360634A002C71E4 /* VideosCell.swift */; };
		CE1074252360634A002C71E4 /* VideosCell.xib in Resources */ = {isa = PBXBuildFile; fileRef = CE1074232360634A002C71E4 /* VideosCell.xib */; };
		CE10742823606631002C71E4 /* VideosCollectionViewCell.swift in Sources */ = {isa = PBXBuildFile; fileRef = CE10742623606631002C71E4 /* VideosCollectionViewCell.swift */; };
		CE10742923606631002C71E4 /* VideosCollectionViewCell.xib in Resources */ = {isa = PBXBuildFile; fileRef = CE10742723606631002C71E4 /* VideosCollectionViewCell.xib */; };
		CE10742C2360792C002C71E4 /* ImagesCell.swift in Sources */ = {isa = PBXBuildFile; fileRef = CE10742A2360792C002C71E4 /* ImagesCell.swift */; };
		CE10742D2360792C002C71E4 /* ImagesCell.xib in Resources */ = {isa = PBXBuildFile; fileRef = CE10742B2360792C002C71E4 /* ImagesCell.xib */; };
		CE10742F23607BB1002C71E4 /* VideosAdaptor.swift in Sources */ = {isa = PBXBuildFile; fileRef = CE10742E23607BB1002C71E4 /* VideosAdaptor.swift */; };
		CE1074312360A093002C71E4 /* ImagesAdaptor.swift in Sources */ = {isa = PBXBuildFile; fileRef = CE1074302360A093002C71E4 /* ImagesAdaptor.swift */; };
		CE1074342360A16E002C71E4 /* ImagesCollectionViewCell.swift in Sources */ = {isa = PBXBuildFile; fileRef = CE1074322360A16E002C71E4 /* ImagesCollectionViewCell.swift */; };
		CE1074352360A16E002C71E4 /* ImagesCollectionViewCell.xib in Resources */ = {isa = PBXBuildFile; fileRef = CE1074332360A16E002C71E4 /* ImagesCollectionViewCell.xib */; };
		CE4D4725235DE1380041B94C /* BaseViewProtocol.swift in Sources */ = {isa = PBXBuildFile; fileRef = CE4D4724235DE1380041B94C /* BaseViewProtocol.swift */; };
		CE4D4727235DE1460041B94C /* BaseModelProtocol.swift in Sources */ = {isa = PBXBuildFile; fileRef = CE4D4726235DE1460041B94C /* BaseModelProtocol.swift */; };
		CE4D4729235DE15A0041B94C /* BasePresenterProtocols.swift in Sources */ = {isa = PBXBuildFile; fileRef = CE4D4728235DE15A0041B94C /* BasePresenterProtocols.swift */; };
		CE4D472B235DE1B60041B94C /* BaseViewController.swift in Sources */ = {isa = PBXBuildFile; fileRef = CE4D472A235DE1B60041B94C /* BaseViewController.swift */; };
		CE4D472D235DE1C40041B94C /* BaseModel.swift in Sources */ = {isa = PBXBuildFile; fileRef = CE4D472C235DE1C40041B94C /* BaseModel.swift */; };
		CE4D472F235DE1DC0041B94C /* BasePresenter.swift in Sources */ = {isa = PBXBuildFile; fileRef = CE4D472E235DE1DC0041B94C /* BasePresenter.swift */; };
		CE4D476E235DF0900041B94C /* Images.swift in Sources */ = {isa = PBXBuildFile; fileRef = CE4D4768235DF0900041B94C /* Images.swift */; };
		CE4D476F235DF0900041B94C /* SliderMaterialResponse.swift in Sources */ = {isa = PBXBuildFile; fileRef = CE4D4769235DF0900041B94C /* SliderMaterialResponse.swift */; };
		CE4D4770235DF0900041B94C /* Tags.swift in Sources */ = {isa = PBXBuildFile; fileRef = CE4D476A235DF0900041B94C /* Tags.swift */; };
		CE4D4771235DF0900041B94C /* Materials.swift in Sources */ = {isa = PBXBuildFile; fileRef = CE4D476B235DF0900041B94C /* Materials.swift */; };
		CE4D4772235DF0900041B94C /* Slider.swift in Sources */ = {isa = PBXBuildFile; fileRef = CE4D476C235DF0900041B94C /* Slider.swift */; };
		CE4D4773235DF0900041B94C /* Videos.swift in Sources */ = {isa = PBXBuildFile; fileRef = CE4D476D235DF0900041B94C /* Videos.swift */; };
		CE4D4775235DF0D80041B94C /* Attachments.swift in Sources */ = {isa = PBXBuildFile; fileRef = CE4D4774235DF0D80041B94C /* Attachments.swift */; };
		CE56DA292379A77B00D829C6 /* AuthenticationServices.framework in Frameworks */ = {isa = PBXBuildFile; fileRef = CE56DA282379A77B00D829C6 /* AuthenticationServices.framework */; };
		CE6ADF57235897A30051C879 /* StaticHeaderPlugin.swift in Sources */ = {isa = PBXBuildFile; fileRef = CE6ADF56235897A30051C879 /* StaticHeaderPlugin.swift */; };
		CE6ADF59235897CF0051C879 /* NetworkDefaults.swift in Sources */ = {isa = PBXBuildFile; fileRef = CE6ADF58235897CF0051C879 /* NetworkDefaults.swift */; };
		CE6ADF5B2358981A0051C879 /* NetworkError.swift in Sources */ = {isa = PBXBuildFile; fileRef = CE6ADF5A2358981A0051C879 /* NetworkError.swift */; };
		CE6ADF5D23589A740051C879 /* NetworkManager.swift in Sources */ = {isa = PBXBuildFile; fileRef = CE6ADF5C23589A740051C879 /* NetworkManager.swift */; };
		CE6ADF5F23589AB20051C879 /* AppDelegate+Extentions.swift in Sources */ = {isa = PBXBuildFile; fileRef = CE6ADF5E23589AB20051C879 /* AppDelegate+Extentions.swift */; };
		CE6ADF662358A2400051C879 /* NewsScreenPresenter.swift in Sources */ = {isa = PBXBuildFile; fileRef = CE6ADF652358A2400051C879 /* NewsScreenPresenter.swift */; };
		CE6ADF682358A24D0051C879 /* NewsScreenModel.swift in Sources */ = {isa = PBXBuildFile; fileRef = CE6ADF672358A24D0051C879 /* NewsScreenModel.swift */; };
		CE6ADF6A2358A2730051C879 /* NewsScreenProtocols.swift in Sources */ = {isa = PBXBuildFile; fileRef = CE6ADF692358A2730051C879 /* NewsScreenProtocols.swift */; };
		CE92C5262379760B000F1594 /* SocialMediaSheetViewController.swift in Sources */ = {isa = PBXBuildFile; fileRef = CE92C5242379760B000F1594 /* SocialMediaSheetViewController.swift */; };
		CE92C5272379760B000F1594 /* SocialMediaPopUPViewController.xib in Resources */ = {isa = PBXBuildFile; fileRef = CE92C5252379760B000F1594 /* SocialMediaPopUPViewController.xib */; };
		CEB15DD7235883F600659D1A /* Localizable.strings in Resources */ = {isa = PBXBuildFile; fileRef = CEB15DD9235883F600659D1A /* Localizable.strings */; };
		CEE73805235F53750070C482 /* NewsSectionCell.swift in Sources */ = {isa = PBXBuildFile; fileRef = CEE73803235F53750070C482 /* NewsSectionCell.swift */; };
		CEE73806235F53750070C482 /* NewsSectionCell.xib in Resources */ = {isa = PBXBuildFile; fileRef = CEE73804235F53750070C482 /* NewsSectionCell.xib */; };
		CEE7380C235F5F500070C482 /* Comics.swift in Sources */ = {isa = PBXBuildFile; fileRef = CEE73809235F5F500070C482 /* Comics.swift */; };
		CEE7380D235F5F500070C482 /* VideosAndImagesResponse.swift in Sources */ = {isa = PBXBuildFile; fileRef = CEE7380A235F5F500070C482 /* VideosAndImagesResponse.swift */; };
		CEF748CA23587A670023FD9B /* AppDelegate.swift in Sources */ = {isa = PBXBuildFile; fileRef = CEF748C923587A670023FD9B /* AppDelegate.swift */; };
		CEF748D123587A680023FD9B /* Assets.xcassets in Resources */ = {isa = PBXBuildFile; fileRef = CEF748D023587A680023FD9B /* Assets.xcassets */; };
		CEF748D423587A680023FD9B /* LaunchScreen.storyboard in Resources */ = {isa = PBXBuildFile; fileRef = CEF748D223587A680023FD9B /* LaunchScreen.storyboard */; };
		CEF748DF23587A680023FD9B /* SabkTrialTests.swift in Sources */ = {isa = PBXBuildFile; fileRef = CEF748DE23587A680023FD9B /* SabkTrialTests.swift */; };
		CEF748EA23587A680023FD9B /* SabkTrialUITests.swift in Sources */ = {isa = PBXBuildFile; fileRef = CEF748E923587A680023FD9B /* SabkTrialUITests.swift */; };
		CEF8C57923742DCC00CB06E7 /* SignInViewController.swift in Sources */ = {isa = PBXBuildFile; fileRef = CEF8C57723742DCC00CB06E7 /* SignInViewController.swift */; };
		CEF8C57A23742DCC00CB06E7 /* SignInViewController.xib in Resources */ = {isa = PBXBuildFile; fileRef = CEF8C57823742DCC00CB06E7 /* SignInViewController.xib */; };
		CEF98B7E2370237D008295C3 /* BaseResponse.swift in Sources */ = {isa = PBXBuildFile; fileRef = CEF98B7D2370237D008295C3 /* BaseResponse.swift */; };
		CEFE022C2369CD1D004A70E7 /* ShimmerNewsTableViewCell.swift in Sources */ = {isa = PBXBuildFile; fileRef = CEFE022A2369CD1D004A70E7 /* ShimmerNewsTableViewCell.swift */; };
		CEFE022D2369CD1D004A70E7 /* ShimmerNewsTableViewCell.xib in Resources */ = {isa = PBXBuildFile; fileRef = CEFE022B2369CD1D004A70E7 /* ShimmerNewsTableViewCell.xib */; };
		CEFE02302369CECE004A70E7 /* ShimmerSliderTableViewCell.swift in Sources */ = {isa = PBXBuildFile; fileRef = CEFE022E2369CECE004A70E7 /* ShimmerSliderTableViewCell.swift */; };
		CEFE02312369CECE004A70E7 /* ShimmerSliderTableViewCell.xib in Resources */ = {isa = PBXBuildFile; fileRef = CEFE022F2369CECE004A70E7 /* ShimmerSliderTableViewCell.xib */; };
/* End PBXBuildFile section */

/* Begin PBXContainerItemProxy section */
		CEF748DB23587A680023FD9B /* PBXContainerItemProxy */ = {
			isa = PBXContainerItemProxy;
			containerPortal = CEF748BE23587A670023FD9B /* Project object */;
			proxyType = 1;
			remoteGlobalIDString = CEF748C523587A670023FD9B;
			remoteInfo = SabkTrial;
		};
		CEF748E623587A680023FD9B /* PBXContainerItemProxy */ = {
			isa = PBXContainerItemProxy;
			containerPortal = CEF748BE23587A670023FD9B /* Project object */;
			proxyType = 1;
			remoteGlobalIDString = CEF748C523587A670023FD9B;
			remoteInfo = SabkTrial;
		};
/* End PBXContainerItemProxy section */

/* Begin PBXFileReference section */
		026B78E834FD521ABCA68388 /* Pods-SabkTrialUITests.debug.xcconfig */ = {isa = PBXFileReference; includeInIndex = 1; lastKnownFileType = text.xcconfig; name = "Pods-SabkTrialUITests.debug.xcconfig"; path = "Target Support Files/Pods-SabkTrialUITests/Pods-SabkTrialUITests.debug.xcconfig"; sourceTree = "<group>"; };
		2712416DDC708D3E687C0616 /* Pods-SabkTrial.debug.xcconfig */ = {isa = PBXFileReference; includeInIndex = 1; lastKnownFileType = text.xcconfig; name = "Pods-SabkTrial.debug.xcconfig"; path = "Target Support Files/Pods-SabkTrial/Pods-SabkTrial.debug.xcconfig"; sourceTree = "<group>"; };
		2BFE6F351CFBB245AC7DC141 /* Pods-SabkTrialTests.release.xcconfig */ = {isa = PBXFileReference; includeInIndex = 1; lastKnownFileType = text.xcconfig; name = "Pods-SabkTrialTests.release.xcconfig"; path = "Target Support Files/Pods-SabkTrialTests/Pods-SabkTrialTests.release.xcconfig"; sourceTree = "<group>"; };
		53D6DE0EA891A18D48AEF9C2 /* Pods_SabkTrialTests.framework */ = {isa = PBXFileReference; explicitFileType = wrapper.framework; includeInIndex = 0; path = Pods_SabkTrialTests.framework; sourceTree = BUILT_PRODUCTS_DIR; };
		7556A7BD12E7B5A681438BC9 /* Pods-SabkTrialUITests.release.xcconfig */ = {isa = PBXFileReference; includeInIndex = 1; lastKnownFileType = text.xcconfig; name = "Pods-SabkTrialUITests.release.xcconfig"; path = "Target Support Files/Pods-SabkTrialUITests/Pods-SabkTrialUITests.release.xcconfig"; sourceTree = "<group>"; };
		8BFA054A62CCE14C21F141BC /* Pods-SabkTrial.release.xcconfig */ = {isa = PBXFileReference; includeInIndex = 1; lastKnownFileType = text.xcconfig; name = "Pods-SabkTrial.release.xcconfig"; path = "Target Support Files/Pods-SabkTrial/Pods-SabkTrial.release.xcconfig"; sourceTree = "<group>"; };
		9E345034EB2250D7200DF2F4 /* Pods_SabkTrialUITests.framework */ = {isa = PBXFileReference; explicitFileType = wrapper.framework; includeInIndex = 0; path = Pods_SabkTrialUITests.framework; sourceTree = BUILT_PRODUCTS_DIR; };
		C44CD89E684A0BEE3BC37FAB /* Pods_SabkTrial.framework */ = {isa = PBXFileReference; explicitFileType = wrapper.framework; includeInIndex = 0; path = Pods_SabkTrial.framework; sourceTree = BUILT_PRODUCTS_DIR; };
		CE01FD75235D98F800090A0E /* SliderSectionCell.swift */ = {isa = PBXFileReference; lastKnownFileType = sourcecode.swift; path = SliderSectionCell.swift; sourceTree = "<group>"; };
		CE01FD76235D98F800090A0E /* SliderSectionCell.xib */ = {isa = PBXFileReference; lastKnownFileType = file.xib; path = SliderSectionCell.xib; sourceTree = "<group>"; };
		CE01FD8E235DD01E00090A0E /* NetworkService+NewsService.swift */ = {isa = PBXFileReference; lastKnownFileType = sourcecode.swift; path = "NetworkService+NewsService.swift"; sourceTree = "<group>"; };
		CE01FD90235DD11200090A0E /* NewsService.swift */ = {isa = PBXFileReference; lastKnownFileType = sourcecode.swift; path = NewsService.swift; sourceTree = "<group>"; };
		CE0747BF237AD42F007B4ADD /* Twitter.framework */ = {isa = PBXFileReference; lastKnownFileType = wrapper.framework; name = Twitter.framework; path = System/Library/Frameworks/Twitter.framework; sourceTree = SDKROOT; };
		CE0747C1237AD5D4007B4ADD /* Default-568h@2x.png */ = {isa = PBXFileReference; lastKnownFileType = image.png; path = "Default-568h@2x.png"; sourceTree = "<group>"; };
		CE09B588235C53DF00979FF1 /* NewsScreenAdaptor.swift */ = {isa = PBXFileReference; lastKnownFileType = sourcecode.swift; path = NewsScreenAdaptor.swift; sourceTree = "<group>"; };
		CE09B597235C682800979FF1 /* NewsScreenViewController.swift */ = {isa = PBXFileReference; lastKnownFileType = sourcecode.swift; path = NewsScreenViewController.swift; sourceTree = "<group>"; };
		CE09B598235C682800979FF1 /* NewsScreenViewController.xib */ = {isa = PBXFileReference; lastKnownFileType = file.xib; path = NewsScreenViewController.xib; sourceTree = "<group>"; };
		CE09B5A1235C8D1C00979FF1 /* HeaderSliderCell.swift */ = {isa = PBXFileReference; lastKnownFileType = sourcecode.swift; path = HeaderSliderCell.swift; sourceTree = "<group>"; };
		CE09B5A2235C8D1C00979FF1 /* HeaderSliderCell.xib */ = {isa = PBXFileReference; lastKnownFileType = file.xib; path = HeaderSliderCell.xib; sourceTree = "<group>"; };
		CE0DB33F235F13FB00340A60 /* Extentions.swift */ = {isa = PBXFileReference; lastKnownFileType = sourcecode.swift; path = Extentions.swift; sourceTree = "<group>"; };
		CE0F18122361A0CC003FE11D /* ArticlesResponse.swift */ = {isa = PBXFileReference; fileEncoding = 4; lastKnownFileType = sourcecode.swift; path = ArticlesResponse.swift; sourceTree = "<group>"; };
		CE0F18152361A78E003FE11D /* ArticlesCell.swift */ = {isa = PBXFileReference; lastKnownFileType = sourcecode.swift; path = ArticlesCell.swift; sourceTree = "<group>"; };
		CE0F18162361A78E003FE11D /* ArticlesCell.xib */ = {isa = PBXFileReference; lastKnownFileType = file.xib; path = ArticlesCell.xib; sourceTree = "<group>"; };
		CE0F18192361A79C003FE11D /* ArticlesAdaptor.swift */ = {isa = PBXFileReference; lastKnownFileType = sourcecode.swift; path = ArticlesAdaptor.swift; sourceTree = "<group>"; };
		CE0F181B2361AA21003FE11D /* ArticlesCollectionViewCell.swift */ = {isa = PBXFileReference; lastKnownFileType = sourcecode.swift; path = ArticlesCollectionViewCell.swift; sourceTree = "<group>"; };
		CE0F181C2361AA21003FE11D /* ArticlesCollectionViewCell.xib */ = {isa = PBXFileReference; lastKnownFileType = file.xib; path = ArticlesCollectionViewCell.xib; sourceTree = "<group>"; };
		CE1074222360634A002C71E4 /* VideosCell.swift */ = {isa = PBXFileReference; lastKnownFileType = sourcecode.swift; path = VideosCell.swift; sourceTree = "<group>"; };
		CE1074232360634A002C71E4 /* VideosCell.xib */ = {isa = PBXFileReference; lastKnownFileType = file.xib; path = VideosCell.xib; sourceTree = "<group>"; };
		CE10742623606631002C71E4 /* VideosCollectionViewCell.swift */ = {isa = PBXFileReference; lastKnownFileType = sourcecode.swift; path = VideosCollectionViewCell.swift; sourceTree = "<group>"; };
		CE10742723606631002C71E4 /* VideosCollectionViewCell.xib */ = {isa = PBXFileReference; lastKnownFileType = file.xib; path = VideosCollectionViewCell.xib; sourceTree = "<group>"; };
		CE10742A2360792C002C71E4 /* ImagesCell.swift */ = {isa = PBXFileReference; lastKnownFileType = sourcecode.swift; path = ImagesCell.swift; sourceTree = "<group>"; };
		CE10742B2360792C002C71E4 /* ImagesCell.xib */ = {isa = PBXFileReference; lastKnownFileType = file.xib; path = ImagesCell.xib; sourceTree = "<group>"; };
		CE10742E23607BB1002C71E4 /* VideosAdaptor.swift */ = {isa = PBXFileReference; lastKnownFileType = sourcecode.swift; path = VideosAdaptor.swift; sourceTree = "<group>"; };
		CE1074302360A093002C71E4 /* ImagesAdaptor.swift */ = {isa = PBXFileReference; lastKnownFileType = sourcecode.swift; path = ImagesAdaptor.swift; sourceTree = "<group>"; };
		CE1074322360A16E002C71E4 /* ImagesCollectionViewCell.swift */ = {isa = PBXFileReference; lastKnownFileType = sourcecode.swift; path = ImagesCollectionViewCell.swift; sourceTree = "<group>"; };
		CE1074332360A16E002C71E4 /* ImagesCollectionViewCell.xib */ = {isa = PBXFileReference; lastKnownFileType = file.xib; path = ImagesCollectionViewCell.xib; sourceTree = "<group>"; };
		CE4D4724235DE1380041B94C /* BaseViewProtocol.swift */ = {isa = PBXFileReference; lastKnownFileType = sourcecode.swift; path = BaseViewProtocol.swift; sourceTree = "<group>"; };
		CE4D4726235DE1460041B94C /* BaseModelProtocol.swift */ = {isa = PBXFileReference; lastKnownFileType = sourcecode.swift; path = BaseModelProtocol.swift; sourceTree = "<group>"; };
		CE4D4728235DE15A0041B94C /* BasePresenterProtocols.swift */ = {isa = PBXFileReference; lastKnownFileType = sourcecode.swift; path = BasePresenterProtocols.swift; sourceTree = "<group>"; };
		CE4D472A235DE1B60041B94C /* BaseViewController.swift */ = {isa = PBXFileReference; lastKnownFileType = sourcecode.swift; path = BaseViewController.swift; sourceTree = "<group>"; };
		CE4D472C235DE1C40041B94C /* BaseModel.swift */ = {isa = PBXFileReference; lastKnownFileType = sourcecode.swift; path = BaseModel.swift; sourceTree = "<group>"; };
		CE4D472E235DE1DC0041B94C /* BasePresenter.swift */ = {isa = PBXFileReference; lastKnownFileType = sourcecode.swift; path = BasePresenter.swift; sourceTree = "<group>"; };
		CE4D4768235DF0900041B94C /* Images.swift */ = {isa = PBXFileReference; fileEncoding = 4; lastKnownFileType = sourcecode.swift; path = Images.swift; sourceTree = "<group>"; };
		CE4D4769235DF0900041B94C /* SliderMaterialResponse.swift */ = {isa = PBXFileReference; fileEncoding = 4; lastKnownFileType = sourcecode.swift; path = SliderMaterialResponse.swift; sourceTree = "<group>"; };
		CE4D476A235DF0900041B94C /* Tags.swift */ = {isa = PBXFileReference; fileEncoding = 4; lastKnownFileType = sourcecode.swift; path = Tags.swift; sourceTree = "<group>"; };
		CE4D476B235DF0900041B94C /* Materials.swift */ = {isa = PBXFileReference; fileEncoding = 4; lastKnownFileType = sourcecode.swift; path = Materials.swift; sourceTree = "<group>"; };
		CE4D476C235DF0900041B94C /* Slider.swift */ = {isa = PBXFileReference; fileEncoding = 4; lastKnownFileType = sourcecode.swift; path = Slider.swift; sourceTree = "<group>"; };
		CE4D476D235DF0900041B94C /* Videos.swift */ = {isa = PBXFileReference; fileEncoding = 4; lastKnownFileType = sourcecode.swift; path = Videos.swift; sourceTree = "<group>"; };
		CE4D4774235DF0D80041B94C /* Attachments.swift */ = {isa = PBXFileReference; lastKnownFileType = sourcecode.swift; path = Attachments.swift; sourceTree = "<group>"; };
		CE56DA282379A77B00D829C6 /* AuthenticationServices.framework */ = {isa = PBXFileReference; lastKnownFileType = wrapper.framework; name = AuthenticationServices.framework; path = System/Library/Frameworks/AuthenticationServices.framework; sourceTree = SDKROOT; };
		CE6ADF56235897A30051C879 /* StaticHeaderPlugin.swift */ = {isa = PBXFileReference; lastKnownFileType = sourcecode.swift; path = StaticHeaderPlugin.swift; sourceTree = "<group>"; };
		CE6ADF58235897CF0051C879 /* NetworkDefaults.swift */ = {isa = PBXFileReference; lastKnownFileType = sourcecode.swift; path = NetworkDefaults.swift; sourceTree = "<group>"; };
		CE6ADF5A2358981A0051C879 /* NetworkError.swift */ = {isa = PBXFileReference; lastKnownFileType = sourcecode.swift; path = NetworkError.swift; sourceTree = "<group>"; };
		CE6ADF5C23589A740051C879 /* NetworkManager.swift */ = {isa = PBXFileReference; lastKnownFileType = sourcecode.swift; path = NetworkManager.swift; sourceTree = "<group>"; };
		CE6ADF5E23589AB20051C879 /* AppDelegate+Extentions.swift */ = {isa = PBXFileReference; lastKnownFileType = sourcecode.swift; path = "AppDelegate+Extentions.swift"; sourceTree = "<group>"; };
		CE6ADF652358A2400051C879 /* NewsScreenPresenter.swift */ = {isa = PBXFileReference; lastKnownFileType = sourcecode.swift; path = NewsScreenPresenter.swift; sourceTree = "<group>"; };
		CE6ADF672358A24D0051C879 /* NewsScreenModel.swift */ = {isa = PBXFileReference; lastKnownFileType = sourcecode.swift; path = NewsScreenModel.swift; sourceTree = "<group>"; };
		CE6ADF692358A2730051C879 /* NewsScreenProtocols.swift */ = {isa = PBXFileReference; lastKnownFileType = sourcecode.swift; path = NewsScreenProtocols.swift; sourceTree = "<group>"; };
		CE92C5242379760B000F1594 /* SocialMediaSheetViewController.swift */ = {isa = PBXFileReference; lastKnownFileType = sourcecode.swift; path = SocialMediaSheetViewController.swift; sourceTree = "<group>"; };
		CE92C5252379760B000F1594 /* SocialMediaPopUPViewController.xib */ = {isa = PBXFileReference; lastKnownFileType = file.xib; path = SocialMediaPopUPViewController.xib; sourceTree = "<group>"; };
		CE92C52823798B70000F1594 /* SabkTrial.entitlements */ = {isa = PBXFileReference; lastKnownFileType = text.plist.entitlements; path = SabkTrial.entitlements; sourceTree = "<group>"; };
		CEB15DD423587F8400659D1A /* ar */ = {isa = PBXFileReference; lastKnownFileType = text.plist.strings; name = ar; path = ar.lproj/LaunchScreen.strings; sourceTree = "<group>"; };
		CEB15DD8235883F600659D1A /* en */ = {isa = PBXFileReference; lastKnownFileType = text.plist.strings; name = en; path = en.lproj/Localizable.strings; sourceTree = "<group>"; };
		CEB15DDA235883FC00659D1A /* ar */ = {isa = PBXFileReference; lastKnownFileType = text.plist.strings; name = ar; path = ar.lproj/Localizable.strings; sourceTree = "<group>"; };
		CEE73803235F53750070C482 /* NewsSectionCell.swift */ = {isa = PBXFileReference; lastKnownFileType = sourcecode.swift; path = NewsSectionCell.swift; sourceTree = "<group>"; };
		CEE73804235F53750070C482 /* NewsSectionCell.xib */ = {isa = PBXFileReference; lastKnownFileType = file.xib; path = NewsSectionCell.xib; sourceTree = "<group>"; };
		CEE73809235F5F500070C482 /* Comics.swift */ = {isa = PBXFileReference; fileEncoding = 4; lastKnownFileType = sourcecode.swift; path = Comics.swift; sourceTree = "<group>"; };
		CEE7380A235F5F500070C482 /* VideosAndImagesResponse.swift */ = {isa = PBXFileReference; fileEncoding = 4; lastKnownFileType = sourcecode.swift; path = VideosAndImagesResponse.swift; sourceTree = "<group>"; };
		CEF748C623587A670023FD9B /* SabkTrial.app */ = {isa = PBXFileReference; explicitFileType = wrapper.application; includeInIndex = 0; path = SabkTrial.app; sourceTree = BUILT_PRODUCTS_DIR; };
		CEF748C923587A670023FD9B /* AppDelegate.swift */ = {isa = PBXFileReference; lastKnownFileType = sourcecode.swift; path = AppDelegate.swift; sourceTree = "<group>"; };
		CEF748D023587A680023FD9B /* Assets.xcassets */ = {isa = PBXFileReference; lastKnownFileType = folder.assetcatalog; path = Assets.xcassets; sourceTree = "<group>"; };
		CEF748D323587A680023FD9B /* Base */ = {isa = PBXFileReference; lastKnownFileType = file.storyboard; name = Base; path = Base.lproj/LaunchScreen.storyboard; sourceTree = "<group>"; };
		CEF748D523587A680023FD9B /* Info.plist */ = {isa = PBXFileReference; lastKnownFileType = text.plist.xml; path = Info.plist; sourceTree = "<group>"; };
		CEF748DA23587A680023FD9B /* SabkTrialTests.xctest */ = {isa = PBXFileReference; explicitFileType = wrapper.cfbundle; includeInIndex = 0; path = SabkTrialTests.xctest; sourceTree = BUILT_PRODUCTS_DIR; };
		CEF748DE23587A680023FD9B /* SabkTrialTests.swift */ = {isa = PBXFileReference; lastKnownFileType = sourcecode.swift; path = SabkTrialTests.swift; sourceTree = "<group>"; };
		CEF748E023587A680023FD9B /* Info.plist */ = {isa = PBXFileReference; lastKnownFileType = text.plist.xml; path = Info.plist; sourceTree = "<group>"; };
		CEF748E523587A680023FD9B /* SabkTrialUITests.xctest */ = {isa = PBXFileReference; explicitFileType = wrapper.cfbundle; includeInIndex = 0; path = SabkTrialUITests.xctest; sourceTree = BUILT_PRODUCTS_DIR; };
		CEF748E923587A680023FD9B /* SabkTrialUITests.swift */ = {isa = PBXFileReference; lastKnownFileType = sourcecode.swift; path = SabkTrialUITests.swift; sourceTree = "<group>"; };
		CEF748EB23587A680023FD9B /* Info.plist */ = {isa = PBXFileReference; lastKnownFileType = text.plist.xml; path = Info.plist; sourceTree = "<group>"; };
		CEF8C57723742DCC00CB06E7 /* SignInViewController.swift */ = {isa = PBXFileReference; lastKnownFileType = sourcecode.swift; path = SignInViewController.swift; sourceTree = "<group>"; };
		CEF8C57823742DCC00CB06E7 /* SignInViewController.xib */ = {isa = PBXFileReference; lastKnownFileType = file.xib; path = SignInViewController.xib; sourceTree = "<group>"; };
		CEF98B7D2370237D008295C3 /* BaseResponse.swift */ = {isa = PBXFileReference; lastKnownFileType = sourcecode.swift; path = BaseResponse.swift; sourceTree = "<group>"; };
		CEFE022A2369CD1D004A70E7 /* ShimmerNewsTableViewCell.swift */ = {isa = PBXFileReference; lastKnownFileType = sourcecode.swift; path = ShimmerNewsTableViewCell.swift; sourceTree = "<group>"; };
		CEFE022B2369CD1D004A70E7 /* ShimmerNewsTableViewCell.xib */ = {isa = PBXFileReference; lastKnownFileType = file.xib; path = ShimmerNewsTableViewCell.xib; sourceTree = "<group>"; };
		CEFE022E2369CECE004A70E7 /* ShimmerSliderTableViewCell.swift */ = {isa = PBXFileReference; lastKnownFileType = sourcecode.swift; path = ShimmerSliderTableViewCell.swift; sourceTree = "<group>"; };
		CEFE022F2369CECE004A70E7 /* ShimmerSliderTableViewCell.xib */ = {isa = PBXFileReference; lastKnownFileType = file.xib; path = ShimmerSliderTableViewCell.xib; sourceTree = "<group>"; };
		DBB3DAB342B2D484F7CE0456 /* Pods-SabkTrialTests.debug.xcconfig */ = {isa = PBXFileReference; includeInIndex = 1; lastKnownFileType = text.xcconfig; name = "Pods-SabkTrialTests.debug.xcconfig"; path = "Target Support Files/Pods-SabkTrialTests/Pods-SabkTrialTests.debug.xcconfig"; sourceTree = "<group>"; };
/* End PBXFileReference section */

/* Begin PBXFrameworksBuildPhase section */
		CEF748C323587A670023FD9B /* Frameworks */ = {
			isa = PBXFrameworksBuildPhase;
			buildActionMask = 2147483647;
			files = (
				CE0747C0237AD42F007B4ADD /* Twitter.framework in Frameworks */,
				CE56DA292379A77B00D829C6 /* AuthenticationServices.framework in Frameworks */,
				09759A42FD8EA20B6A44D1AC /* Pods_SabkTrial.framework in Frameworks */,
			);
			runOnlyForDeploymentPostprocessing = 0;
		};
		CEF748D723587A680023FD9B /* Frameworks */ = {
			isa = PBXFrameworksBuildPhase;
			buildActionMask = 2147483647;
			files = (
				B9E0194B99BACA59298F082F /* Pods_SabkTrialTests.framework in Frameworks */,
			);
			runOnlyForDeploymentPostprocessing = 0;
		};
		CEF748E223587A680023FD9B /* Frameworks */ = {
			isa = PBXFrameworksBuildPhase;
			buildActionMask = 2147483647;
			files = (
				2488B2F61CB76CE28220715F /* Pods_SabkTrialUITests.framework in Frameworks */,
			);
			runOnlyForDeploymentPostprocessing = 0;
		};
/* End PBXFrameworksBuildPhase section */

/* Begin PBXGroup section */
		7220250AFB9572B3526B8671 /* Frameworks */ = {
			isa = PBXGroup;
			children = (
				CE0747BF237AD42F007B4ADD /* Twitter.framework */,
				CE56DA282379A77B00D829C6 /* AuthenticationServices.framework */,
				C44CD89E684A0BEE3BC37FAB /* Pods_SabkTrial.framework */,
				53D6DE0EA891A18D48AEF9C2 /* Pods_SabkTrialTests.framework */,
				9E345034EB2250D7200DF2F4 /* Pods_SabkTrialUITests.framework */,
			);
			name = Frameworks;
			sourceTree = "<group>";
		};
		7A6CF97E7D997DEC1F4F9731 /* Pods */ = {
			isa = PBXGroup;
			children = (
				2712416DDC708D3E687C0616 /* Pods-SabkTrial.debug.xcconfig */,
				8BFA054A62CCE14C21F141BC /* Pods-SabkTrial.release.xcconfig */,
				DBB3DAB342B2D484F7CE0456 /* Pods-SabkTrialTests.debug.xcconfig */,
				2BFE6F351CFBB245AC7DC141 /* Pods-SabkTrialTests.release.xcconfig */,
				026B78E834FD521ABCA68388 /* Pods-SabkTrialUITests.debug.xcconfig */,
				7556A7BD12E7B5A681438BC9 /* Pods-SabkTrialUITests.release.xcconfig */,
			);
			path = Pods;
			sourceTree = "<group>";
		};
		CE01FD8D235DCFFC00090A0E /* News */ = {
			isa = PBXGroup;
			children = (
				CE01FD8E235DD01E00090A0E /* NetworkService+NewsService.swift */,
				CE01FD90235DD11200090A0E /* NewsService.swift */,
			);
			path = News;
			sourceTree = "<group>";
		};
		CE09B58A235C550400979FF1 /* NewsScreenCells */ = {
			isa = PBXGroup;
			children = (
				CE01FD75235D98F800090A0E /* SliderSectionCell.swift */,
				CE01FD76235D98F800090A0E /* SliderSectionCell.xib */,
				CE09B5A1235C8D1C00979FF1 /* HeaderSliderCell.swift */,
				CE09B5A2235C8D1C00979FF1 /* HeaderSliderCell.xib */,
				CEE73803235F53750070C482 /* NewsSectionCell.swift */,
				CEE73804235F53750070C482 /* NewsSectionCell.xib */,
				CE14FBEE2372DB500037F1DE /* Videos Cell */,
				CE14FBED2372DB3D0037F1DE /* Images Cell */,
				CE14FBEC2372DB2A0037F1DE /* Articles Cell */,
				CE14FBEB2372DB1A0037F1DE /* Shimmer Cells */,
			);
			path = NewsScreenCells;
			sourceTree = "<group>";
		};
		CE0F18142361A0EB003FE11D /* Articles */ = {
			isa = PBXGroup;
			children = (
				CE0F18122361A0CC003FE11D /* ArticlesResponse.swift */,
			);
			path = Articles;
			sourceTree = "<group>";
		};
		CE14FBEB2372DB1A0037F1DE /* Shimmer Cells */ = {
			isa = PBXGroup;
			children = (
				CEFE022A2369CD1D004A70E7 /* ShimmerNewsTableViewCell.swift */,
				CEFE022B2369CD1D004A70E7 /* ShimmerNewsTableViewCell.xib */,
				CEFE022E2369CECE004A70E7 /* ShimmerSliderTableViewCell.swift */,
				CEFE022F2369CECE004A70E7 /* ShimmerSliderTableViewCell.xib */,
			);
			path = "Shimmer Cells";
			sourceTree = "<group>";
		};
		CE14FBEC2372DB2A0037F1DE /* Articles Cell */ = {
			isa = PBXGroup;
			children = (
				CE0F18192361A79C003FE11D /* ArticlesAdaptor.swift */,
				CE0F18152361A78E003FE11D /* ArticlesCell.swift */,
				CE0F18162361A78E003FE11D /* ArticlesCell.xib */,
				CE0F181B2361AA21003FE11D /* ArticlesCollectionViewCell.swift */,
				CE0F181C2361AA21003FE11D /* ArticlesCollectionViewCell.xib */,
			);
			path = "Articles Cell";
			sourceTree = "<group>";
		};
		CE14FBED2372DB3D0037F1DE /* Images Cell */ = {
			isa = PBXGroup;
			children = (
				CE1074302360A093002C71E4 /* ImagesAdaptor.swift */,
				CE10742A2360792C002C71E4 /* ImagesCell.swift */,
				CE10742B2360792C002C71E4 /* ImagesCell.xib */,
				CE1074322360A16E002C71E4 /* ImagesCollectionViewCell.swift */,
				CE1074332360A16E002C71E4 /* ImagesCollectionViewCell.xib */,
			);
			path = "Images Cell";
			sourceTree = "<group>";
		};
		CE14FBEE2372DB500037F1DE /* Videos Cell */ = {
			isa = PBXGroup;
			children = (
				CE10742E23607BB1002C71E4 /* VideosAdaptor.swift */,
				CE1074222360634A002C71E4 /* VideosCell.swift */,
				CE1074232360634A002C71E4 /* VideosCell.xib */,
				CE10742623606631002C71E4 /* VideosCollectionViewCell.swift */,
				CE10742723606631002C71E4 /* VideosCollectionViewCell.xib */,
			);
			path = "Videos Cell";
			sourceTree = "<group>";
		};
		CE4D4723235DE1100041B94C /* Base Protocols */ = {
			isa = PBXGroup;
			children = (
				CE4D4724235DE1380041B94C /* BaseViewProtocol.swift */,
				CE4D4726235DE1460041B94C /* BaseModelProtocol.swift */,
				CE4D4728235DE15A0041B94C /* BasePresenterProtocols.swift */,
			);
			path = "Base Protocols";
			sourceTree = "<group>";
		};
		CE4D475D235DEF860041B94C /* Entity */ = {
			isa = PBXGroup;
			children = (
				CE0F18142361A0EB003FE11D /* Articles */,
				CEE73808235F5F3A0070C482 /* VideosAndImages */,
				CEE73807235F5F300070C482 /* Materials and slider */,
			);
			path = Entity;
			sourceTree = "<group>";
		};
		CE6ADF55235895B60051C879 /* Core */ = {
			isa = PBXGroup;
			children = (
				CE6ADF56235897A30051C879 /* StaticHeaderPlugin.swift */,
				CE6ADF58235897CF0051C879 /* NetworkDefaults.swift */,
				CE6ADF5A2358981A0051C879 /* NetworkError.swift */,
				CE6ADF5C23589A740051C879 /* NetworkManager.swift */,
			);
			path = Core;
			sourceTree = "<group>";
		};
		CE6ADF602358A2040051C879 /* News Screen */ = {
			isa = PBXGroup;
			children = (
				CE6ADF652358A2400051C879 /* NewsScreenPresenter.swift */,
				CE6ADF672358A24D0051C879 /* NewsScreenModel.swift */,
				CE6ADF692358A2730051C879 /* NewsScreenProtocols.swift */,
				CE09B588235C53DF00979FF1 /* NewsScreenAdaptor.swift */,
				CE09B597235C682800979FF1 /* NewsScreenViewController.swift */,
				CE09B598235C682800979FF1 /* NewsScreenViewController.xib */,
				CE09B58A235C550400979FF1 /* NewsScreenCells */,
			);
			path = "News Screen";
			sourceTree = "<group>";
		};
		CEB15DDB23588EB200659D1A /* AppDelegate */ = {
			isa = PBXGroup;
			children = (
				CEB15DDC23588EBB00659D1A /* Extentions */,
				CEF748C923587A670023FD9B /* AppDelegate.swift */,
			);
			path = AppDelegate;
			sourceTree = "<group>";
		};
		CEB15DDC23588EBB00659D1A /* Extentions */ = {
			isa = PBXGroup;
			children = (
				CE0DB33F235F13FB00340A60 /* Extentions.swift */,
				CE6ADF5E23589AB20051C879 /* AppDelegate+Extentions.swift */,
			);
			path = Extentions;
			sourceTree = "<group>";
		};
		CEB15DDD23588EF700659D1A /* UI */ = {
			isa = PBXGroup;
			children = (
				CEF748D223587A680023FD9B /* LaunchScreen.storyboard */,
			);
			path = UI;
			sourceTree = "<group>";
		};
		CEB15DDE23588F3600659D1A /* Resources */ = {
			isa = PBXGroup;
			children = (
				CEB15DD9235883F600659D1A /* Localizable.strings */,
				CEF748D023587A680023FD9B /* Assets.xcassets */,
			);
			path = Resources;
			sourceTree = "<group>";
		};
		CEB15DDF23588FDA00659D1A /* Supporting Files */ = {
			isa = PBXGroup;
			children = (
				CEF748D523587A680023FD9B /* Info.plist */,
			);
			path = "Supporting Files";
			sourceTree = "<group>";
		};
		CEB15DE02358904500659D1A /* Networking */ = {
			isa = PBXGroup;
			children = (
				CE01FD8D235DCFFC00090A0E /* News */,
				CE6ADF55235895B60051C879 /* Core */,
			);
			path = Networking;
			sourceTree = "<group>";
		};
		CEB15DE12358905900659D1A /* Base */ = {
			isa = PBXGroup;
			children = (
				CE4D472A235DE1B60041B94C /* BaseViewController.swift */,
				CE4D472C235DE1C40041B94C /* BaseModel.swift */,
				CE4D472E235DE1DC0041B94C /* BasePresenter.swift */,
				CEF98B7D2370237D008295C3 /* BaseResponse.swift */,
				CE4D4723235DE1100041B94C /* Base Protocols */,
			);
			path = Base;
			sourceTree = "<group>";
		};
		CEB15DE42358908F00659D1A /* Scenes */ = {
			isa = PBXGroup;
			children = (
				CEF8C57623742DA200CB06E7 /* Sign In */,
				CE6ADF602358A2040051C879 /* News Screen */,
			);
			path = Scenes;
			sourceTree = "<group>";
		};
		CEE73807235F5F300070C482 /* Materials and slider */ = {
			isa = PBXGroup;
			children = (
				CE4D4768235DF0900041B94C /* Images.swift */,
				CE4D4769235DF0900041B94C /* SliderMaterialResponse.swift */,
				CE4D476B235DF0900041B94C /* Materials.swift */,
				CE4D476C235DF0900041B94C /* Slider.swift */,
				CE4D476A235DF0900041B94C /* Tags.swift */,
				CE4D476D235DF0900041B94C /* Videos.swift */,
				CE4D4774235DF0D80041B94C /* Attachments.swift */,
			);
			path = "Materials and slider";
			sourceTree = "<group>";
		};
		CEE73808235F5F3A0070C482 /* VideosAndImages */ = {
			isa = PBXGroup;
			children = (
				CEE73809235F5F500070C482 /* Comics.swift */,
				CEE7380A235F5F500070C482 /* VideosAndImagesResponse.swift */,
			);
			path = VideosAndImages;
			sourceTree = "<group>";
		};
		CEF748BD23587A670023FD9B = {
			isa = PBXGroup;
			children = (
				CE0747C1237AD5D4007B4ADD /* Default-568h@2x.png */,
				CEF748C823587A670023FD9B /* SabkTrial */,
				CEF748DD23587A680023FD9B /* SabkTrialTests */,
				CEF748E823587A680023FD9B /* SabkTrialUITests */,
				CEF748C723587A670023FD9B /* Products */,
				7A6CF97E7D997DEC1F4F9731 /* Pods */,
				7220250AFB9572B3526B8671 /* Frameworks */,
			);
			sourceTree = "<group>";
		};
		CEF748C723587A670023FD9B /* Products */ = {
			isa = PBXGroup;
			children = (
				CEF748C623587A670023FD9B /* SabkTrial.app */,
				CEF748DA23587A680023FD9B /* SabkTrialTests.xctest */,
				CEF748E523587A680023FD9B /* SabkTrialUITests.xctest */,
			);
			name = Products;
			sourceTree = "<group>";
		};
		CEF748C823587A670023FD9B /* SabkTrial */ = {
			isa = PBXGroup;
			children = (
				CE92C52823798B70000F1594 /* SabkTrial.entitlements */,
				CEB15DDB23588EB200659D1A /* AppDelegate */,
				CEB15DE42358908F00659D1A /* Scenes */,
				CEB15DE12358905900659D1A /* Base */,
				CE4D475D235DEF860041B94C /* Entity */,
				CEB15DE02358904500659D1A /* Networking */,
				CEB15DDE23588F3600659D1A /* Resources */,
				CEB15DDD23588EF700659D1A /* UI */,
				CEB15DDF23588FDA00659D1A /* Supporting Files */,
			);
			path = SabkTrial;
			sourceTree = "<group>";
		};
		CEF748DD23587A680023FD9B /* SabkTrialTests */ = {
			isa = PBXGroup;
			children = (
				CEF748DE23587A680023FD9B /* SabkTrialTests.swift */,
				CEF748E023587A680023FD9B /* Info.plist */,
			);
			path = SabkTrialTests;
			sourceTree = "<group>";
		};
		CEF748E823587A680023FD9B /* SabkTrialUITests */ = {
			isa = PBXGroup;
			children = (
				CEF748E923587A680023FD9B /* SabkTrialUITests.swift */,
				CEF748EB23587A680023FD9B /* Info.plist */,
			);
			path = SabkTrialUITests;
			sourceTree = "<group>";
		};
		CEF8C57623742DA200CB06E7 /* Sign In */ = {
			isa = PBXGroup;
			children = (
				CEF8C57723742DCC00CB06E7 /* SignInViewController.swift */,
				CEF8C57823742DCC00CB06E7 /* SignInViewController.xib */,
				CE92C5242379760B000F1594 /* SocialMediaSheetViewController.swift */,
				CE92C5252379760B000F1594 /* SocialMediaPopUPViewController.xib */,
			);
			path = "Sign In";
			sourceTree = "<group>";
		};
/* End PBXGroup section */

/* Begin PBXNativeTarget section */
		CEF748C523587A670023FD9B /* SabkTrial */ = {
			isa = PBXNativeTarget;
			buildConfigurationList = CEF748EE23587A680023FD9B /* Build configuration list for PBXNativeTarget "SabkTrial" */;
			buildPhases = (
				6F7D400264E5D8E648F028D2 /* [CP] Check Pods Manifest.lock */,
				CEF748C223587A670023FD9B /* Sources */,
				CEF748C323587A670023FD9B /* Frameworks */,
				CEF748C423587A670023FD9B /* Resources */,
				B71364569E8E1EE2C65F7081 /* [CP] Embed Pods Frameworks */,
				CEE9EAAA2366E6440033A93A /* ShellScript */,
				3609F2408C11D9FD466E4DF6 /* [CP] Copy Pods Resources */,
			);
			buildRules = (
			);
			dependencies = (
			);
			name = SabkTrial;
			productName = SabkTrial;
			productReference = CEF748C623587A670023FD9B /* SabkTrial.app */;
			productType = "com.apple.product-type.application";
		};
		CEF748D923587A680023FD9B /* SabkTrialTests */ = {
			isa = PBXNativeTarget;
			buildConfigurationList = CEF748F123587A680023FD9B /* Build configuration list for PBXNativeTarget "SabkTrialTests" */;
			buildPhases = (
				CE506D9537BEB329B257EEB7 /* [CP] Check Pods Manifest.lock */,
				CEF748D623587A680023FD9B /* Sources */,
				CEF748D723587A680023FD9B /* Frameworks */,
				CEF748D823587A680023FD9B /* Resources */,
			);
			buildRules = (
			);
			dependencies = (
				CEF748DC23587A680023FD9B /* PBXTargetDependency */,
			);
			name = SabkTrialTests;
			productName = SabkTrialTests;
			productReference = CEF748DA23587A680023FD9B /* SabkTrialTests.xctest */;
			productType = "com.apple.product-type.bundle.unit-test";
		};
		CEF748E423587A680023FD9B /* SabkTrialUITests */ = {
			isa = PBXNativeTarget;
			buildConfigurationList = CEF748F423587A680023FD9B /* Build configuration list for PBXNativeTarget "SabkTrialUITests" */;
			buildPhases = (
				F673AA2BA7AFC77AF742D8CF /* [CP] Check Pods Manifest.lock */,
				CEF748E123587A680023FD9B /* Sources */,
				CEF748E223587A680023FD9B /* Frameworks */,
				CEF748E323587A680023FD9B /* Resources */,
			);
			buildRules = (
			);
			dependencies = (
				CEF748E723587A680023FD9B /* PBXTargetDependency */,
			);
			name = SabkTrialUITests;
			productName = SabkTrialUITests;
			productReference = CEF748E523587A680023FD9B /* SabkTrialUITests.xctest */;
			productType = "com.apple.product-type.bundle.ui-testing";
		};
/* End PBXNativeTarget section */

/* Begin PBXProject section */
		CEF748BE23587A670023FD9B /* Project object */ = {
			isa = PBXProject;
			attributes = {
				LastSwiftUpdateCheck = 1030;
				LastUpgradeCheck = 1030;
				ORGANIZATIONNAME = Samira.Marassy;
				TargetAttributes = {
					CEF748C523587A670023FD9B = {
						CreatedOnToolsVersion = 10.3;
					};
					CEF748D923587A680023FD9B = {
						CreatedOnToolsVersion = 10.3;
						TestTargetID = CEF748C523587A670023FD9B;
					};
					CEF748E423587A680023FD9B = {
						CreatedOnToolsVersion = 10.3;
						TestTargetID = CEF748C523587A670023FD9B;
					};
				};
			};
			buildConfigurationList = CEF748C123587A670023FD9B /* Build configuration list for PBXProject "SabkTrial" */;
			compatibilityVersion = "Xcode 9.3";
			developmentRegion = en;
			hasScannedForEncodings = 0;
			knownRegions = (
				en,
				Base,
				ar,
			);
			mainGroup = CEF748BD23587A670023FD9B;
			productRefGroup = CEF748C723587A670023FD9B /* Products */;
			projectDirPath = "";
			projectRoot = "";
			targets = (
				CEF748C523587A670023FD9B /* SabkTrial */,
				CEF748D923587A680023FD9B /* SabkTrialTests */,
				CEF748E423587A680023FD9B /* SabkTrialUITests */,
			);
		};
/* End PBXProject section */

/* Begin PBXResourcesBuildPhase section */
		CEF748C423587A670023FD9B /* Resources */ = {
			isa = PBXResourcesBuildPhase;
			buildActionMask = 2147483647;
			files = (
				CEF8C57A23742DCC00CB06E7 /* SignInViewController.xib in Resources */,
				CE0F18182361A78E003FE11D /* ArticlesCell.xib in Resources */,
				CE0F181E2361AA21003FE11D /* ArticlesCollectionViewCell.xib in Resources */,
				CEFE022D2369CD1D004A70E7 /* ShimmerNewsTableViewCell.xib in Resources */,
				CE09B5A4235C8D1C00979FF1 /* HeaderSliderCell.xib in Resources */,
				CE1074352360A16E002C71E4 /* ImagesCollectionViewCell.xib in Resources */,
				CE1074252360634A002C71E4 /* VideosCell.xib in Resources */,
				CE01FD78235D98F800090A0E /* SliderSectionCell.xib in Resources */,
				CEFE02312369CECE004A70E7 /* ShimmerSliderTableViewCell.xib in Resources */,
				CE10742D2360792C002C71E4 /* ImagesCell.xib in Resources */,
				CE09B59A235C682800979FF1 /* NewsScreenViewController.xib in Resources */,
				CE0747C2237AD5D4007B4ADD /* Default-568h@2x.png in Resources */,
				CEF748D423587A680023FD9B /* LaunchScreen.storyboard in Resources */,
				CE10742923606631002C71E4 /* VideosCollectionViewCell.xib in Resources */,
				CEE73806235F53750070C482 /* NewsSectionCell.xib in Resources */,
				CE92C5272379760B000F1594 /* SocialMediaPopUPViewController.xib in Resources */,
				CEB15DD7235883F600659D1A /* Localizable.strings in Resources */,
				CEF748D123587A680023FD9B /* Assets.xcassets in Resources */,
			);
			runOnlyForDeploymentPostprocessing = 0;
		};
		CEF748D823587A680023FD9B /* Resources */ = {
			isa = PBXResourcesBuildPhase;
			buildActionMask = 2147483647;
			files = (
			);
			runOnlyForDeploymentPostprocessing = 0;
		};
		CEF748E323587A680023FD9B /* Resources */ = {
			isa = PBXResourcesBuildPhase;
			buildActionMask = 2147483647;
			files = (
			);
			runOnlyForDeploymentPostprocessing = 0;
		};
/* End PBXResourcesBuildPhase section */

/* Begin PBXShellScriptBuildPhase section */
		3609F2408C11D9FD466E4DF6 /* [CP] Copy Pods Resources */ = {
			isa = PBXShellScriptBuildPhase;
			buildActionMask = 2147483647;
			files = (
			);
			inputFileListPaths = (
				"${PODS_ROOT}/Target Support Files/Pods-SabkTrial/Pods-SabkTrial-resources-${CONFIGURATION}-input-files.xcfilelist",
			);
			name = "[CP] Copy Pods Resources";
			outputFileListPaths = (
				"${PODS_ROOT}/Target Support Files/Pods-SabkTrial/Pods-SabkTrial-resources-${CONFIGURATION}-output-files.xcfilelist",
			);
			runOnlyForDeploymentPostprocessing = 0;
			shellPath = /bin/sh;
			shellScript = "\"${PODS_ROOT}/Target Support Files/Pods-SabkTrial/Pods-SabkTrial-resources.sh\"\n";
			showEnvVarsInLog = 0;
		};
		6F7D400264E5D8E648F028D2 /* [CP] Check Pods Manifest.lock */ = {
			isa = PBXShellScriptBuildPhase;
			buildActionMask = 2147483647;
			files = (
			);
			inputFileListPaths = (
			);
			inputPaths = (
				"${PODS_PODFILE_DIR_PATH}/Podfile.lock",
				"${PODS_ROOT}/Manifest.lock",
			);
			name = "[CP] Check Pods Manifest.lock";
			outputFileListPaths = (
			);
			outputPaths = (
				"$(DERIVED_FILE_DIR)/Pods-SabkTrial-checkManifestLockResult.txt",
			);
			runOnlyForDeploymentPostprocessing = 0;
			shellPath = /bin/sh;
			shellScript = "diff \"${PODS_PODFILE_DIR_PATH}/Podfile.lock\" \"${PODS_ROOT}/Manifest.lock\" > /dev/null\nif [ $? != 0 ] ; then\n    # print error to STDERR\n    echo \"error: The sandbox is not in sync with the Podfile.lock. Run 'pod install' or update your CocoaPods installation.\" >&2\n    exit 1\nfi\n# This output is used by Xcode 'outputs' to avoid re-running this script phase.\necho \"SUCCESS\" > \"${SCRIPT_OUTPUT_FILE_0}\"\n";
			showEnvVarsInLog = 0;
		};
		B71364569E8E1EE2C65F7081 /* [CP] Embed Pods Frameworks */ = {
			isa = PBXShellScriptBuildPhase;
			buildActionMask = 2147483647;
			files = (
			);
			inputFileListPaths = (
				"${PODS_ROOT}/Target Support Files/Pods-SabkTrial/Pods-SabkTrial-frameworks-${CONFIGURATION}-input-files.xcfilelist",
			);
			name = "[CP] Embed Pods Frameworks";
			outputFileListPaths = (
				"${PODS_ROOT}/Target Support Files/Pods-SabkTrial/Pods-SabkTrial-frameworks-${CONFIGURATION}-output-files.xcfilelist",
			);
			runOnlyForDeploymentPostprocessing = 0;
			shellPath = /bin/sh;
			shellScript = "\"${PODS_ROOT}/Target Support Files/Pods-SabkTrial/Pods-SabkTrial-frameworks.sh\"\n";
			showEnvVarsInLog = 0;
		};
		CE506D9537BEB329B257EEB7 /* [CP] Check Pods Manifest.lock */ = {
			isa = PBXShellScriptBuildPhase;
			buildActionMask = 2147483647;
			files = (
			);
			inputFileListPaths = (
			);
			inputPaths = (
				"${PODS_PODFILE_DIR_PATH}/Podfile.lock",
				"${PODS_ROOT}/Manifest.lock",
			);
			name = "[CP] Check Pods Manifest.lock";
			outputFileListPaths = (
			);
			outputPaths = (
				"$(DERIVED_FILE_DIR)/Pods-SabkTrialTests-checkManifestLockResult.txt",
			);
			runOnlyForDeploymentPostprocessing = 0;
			shellPath = /bin/sh;
			shellScript = "diff \"${PODS_PODFILE_DIR_PATH}/Podfile.lock\" \"${PODS_ROOT}/Manifest.lock\" > /dev/null\nif [ $? != 0 ] ; then\n    # print error to STDERR\n    echo \"error: The sandbox is not in sync with the Podfile.lock. Run 'pod install' or update your CocoaPods installation.\" >&2\n    exit 1\nfi\n# This output is used by Xcode 'outputs' to avoid re-running this script phase.\necho \"SUCCESS\" > \"${SCRIPT_OUTPUT_FILE_0}\"\n";
			showEnvVarsInLog = 0;
		};
		CEE9EAAA2366E6440033A93A /* ShellScript */ = {
			isa = PBXShellScriptBuildPhase;
			buildActionMask = 2147483647;
			files = (
			);
			inputFileListPaths = (
			);
			inputPaths = (
			);
			outputFileListPaths = (
			);
			outputPaths = (
			);
			runOnlyForDeploymentPostprocessing = 0;
			shellPath = /bin/sh;
			shellScript = "if which swiftlint >/dev/null; then\nswiftlint\nelse\necho \"SwiftLint does not exist, download from https://github.com/realm/SwiftLint\"\nfi\n";
		};
		F673AA2BA7AFC77AF742D8CF /* [CP] Check Pods Manifest.lock */ = {
			isa = PBXShellScriptBuildPhase;
			buildActionMask = 2147483647;
			files = (
			);
			inputFileListPaths = (
			);
			inputPaths = (
				"${PODS_PODFILE_DIR_PATH}/Podfile.lock",
				"${PODS_ROOT}/Manifest.lock",
			);
			name = "[CP] Check Pods Manifest.lock";
			outputFileListPaths = (
			);
			outputPaths = (
				"$(DERIVED_FILE_DIR)/Pods-SabkTrialUITests-checkManifestLockResult.txt",
			);
			runOnlyForDeploymentPostprocessing = 0;
			shellPath = /bin/sh;
			shellScript = "diff \"${PODS_PODFILE_DIR_PATH}/Podfile.lock\" \"${PODS_ROOT}/Manifest.lock\" > /dev/null\nif [ $? != 0 ] ; then\n    # print error to STDERR\n    echo \"error: The sandbox is not in sync with the Podfile.lock. Run 'pod install' or update your CocoaPods installation.\" >&2\n    exit 1\nfi\n# This output is used by Xcode 'outputs' to avoid re-running this script phase.\necho \"SUCCESS\" > \"${SCRIPT_OUTPUT_FILE_0}\"\n";
			showEnvVarsInLog = 0;
		};
/* End PBXShellScriptBuildPhase section */

/* Begin PBXSourcesBuildPhase section */
		CEF748C223587A670023FD9B /* Sources */ = {
			isa = PBXSourcesBuildPhase;
			buildActionMask = 2147483647;
			files = (
				CEF98B7E2370237D008295C3 /* BaseResponse.swift in Sources */,
				CE01FD91235DD11200090A0E /* NewsService.swift in Sources */,
				CE92C5262379760B000F1594 /* SocialMediaSheetViewController.swift in Sources */,
				CE6ADF5D23589A740051C879 /* NetworkManager.swift in Sources */,
				CE0DB340235F13FB00340A60 /* Extentions.swift in Sources */,
				CE4D4771235DF0900041B94C /* Materials.swift in Sources */,
				CEFE02302369CECE004A70E7 /* ShimmerSliderTableViewCell.swift in Sources */,
				CEE7380C235F5F500070C482 /* Comics.swift in Sources */,
				CEE7380D235F5F500070C482 /* VideosAndImagesResponse.swift in Sources */,
				CE4D472D235DE1C40041B94C /* BaseModel.swift in Sources */,
				CE4D4772235DF0900041B94C /* Slider.swift in Sources */,
				CE4D4770235DF0900041B94C /* Tags.swift in Sources */,
				CE4D4727235DE1460041B94C /* BaseModelProtocol.swift in Sources */,
				CE10742823606631002C71E4 /* VideosCollectionViewCell.swift in Sources */,
				CE4D472B235DE1B60041B94C /* BaseViewController.swift in Sources */,
				CE4D476F235DF0900041B94C /* SliderMaterialResponse.swift in Sources */,
				CE6ADF57235897A30051C879 /* StaticHeaderPlugin.swift in Sources */,
				CE01FD77235D98F800090A0E /* SliderSectionCell.swift in Sources */,
				CE1074242360634A002C71E4 /* VideosCell.swift in Sources */,
				CE01FD8F235DD01E00090A0E /* NetworkService+NewsService.swift in Sources */,
				CE4D4775235DF0D80041B94C /* Attachments.swift in Sources */,
				CEF748CA23587A670023FD9B /* AppDelegate.swift in Sources */,
				CE4D472F235DE1DC0041B94C /* BasePresenter.swift in Sources */,
				CE0F18132361A0CC003FE11D /* ArticlesResponse.swift in Sources */,
				CE6ADF662358A2400051C879 /* NewsScreenPresenter.swift in Sources */,
				CE6ADF5F23589AB20051C879 /* AppDelegate+Extentions.swift in Sources */,
				CE4D4729235DE15A0041B94C /* BasePresenterProtocols.swift in Sources */,
				CE0F181D2361AA21003FE11D /* ArticlesCollectionViewCell.swift in Sources */,
				CE4D4773235DF0900041B94C /* Videos.swift in Sources */,
				CE09B589235C53DF00979FF1 /* NewsScreenAdaptor.swift in Sources */,
				CE09B599235C682800979FF1 /* NewsScreenViewController.swift in Sources */,
				CE10742C2360792C002C71E4 /* ImagesCell.swift in Sources */,
				CE4D476E235DF0900041B94C /* Images.swift in Sources */,
				CE09B5A3235C8D1C00979FF1 /* HeaderSliderCell.swift in Sources */,
				CE4D4725235DE1380041B94C /* BaseViewProtocol.swift in Sources */,
				CE6ADF682358A24D0051C879 /* NewsScreenModel.swift in Sources */,
				CE10742F23607BB1002C71E4 /* VideosAdaptor.swift in Sources */,
				CEFE022C2369CD1D004A70E7 /* ShimmerNewsTableViewCell.swift in Sources */,
				CE0F181A2361A79C003FE11D /* ArticlesAdaptor.swift in Sources */,
				CEE73805235F53750070C482 /* NewsSectionCell.swift in Sources */,
				CE1074312360A093002C71E4 /* ImagesAdaptor.swift in Sources */,
				CE1074342360A16E002C71E4 /* ImagesCollectionViewCell.swift in Sources */,
				CE0F18172361A78E003FE11D /* ArticlesCell.swift in Sources */,
				CE6ADF6A2358A2730051C879 /* NewsScreenProtocols.swift in Sources */,
				CE6ADF59235897CF0051C879 /* NetworkDefaults.swift in Sources */,
				CEF8C57923742DCC00CB06E7 /* SignInViewController.swift in Sources */,
				CE6ADF5B2358981A0051C879 /* NetworkError.swift in Sources */,
			);
			runOnlyForDeploymentPostprocessing = 0;
		};
		CEF748D623587A680023FD9B /* Sources */ = {
			isa = PBXSourcesBuildPhase;
			buildActionMask = 2147483647;
			files = (
				CEF748DF23587A680023FD9B /* SabkTrialTests.swift in Sources */,
			);
			runOnlyForDeploymentPostprocessing = 0;
		};
		CEF748E123587A680023FD9B /* Sources */ = {
			isa = PBXSourcesBuildPhase;
			buildActionMask = 2147483647;
			files = (
				CEF748EA23587A680023FD9B /* SabkTrialUITests.swift in Sources */,
			);
			runOnlyForDeploymentPostprocessing = 0;
		};
/* End PBXSourcesBuildPhase section */

/* Begin PBXTargetDependency section */
		CEF748DC23587A680023FD9B /* PBXTargetDependency */ = {
			isa = PBXTargetDependency;
			target = CEF748C523587A670023FD9B /* SabkTrial */;
			targetProxy = CEF748DB23587A680023FD9B /* PBXContainerItemProxy */;
		};
		CEF748E723587A680023FD9B /* PBXTargetDependency */ = {
			isa = PBXTargetDependency;
			target = CEF748C523587A670023FD9B /* SabkTrial */;
			targetProxy = CEF748E623587A680023FD9B /* PBXContainerItemProxy */;
		};
/* End PBXTargetDependency section */

/* Begin PBXVariantGroup section */
		CEB15DD9235883F600659D1A /* Localizable.strings */ = {
			isa = PBXVariantGroup;
			children = (
				CEB15DD8235883F600659D1A /* en */,
				CEB15DDA235883FC00659D1A /* ar */,
			);
			name = Localizable.strings;
			sourceTree = "<group>";
		};
		CEF748D223587A680023FD9B /* LaunchScreen.storyboard */ = {
			isa = PBXVariantGroup;
			children = (
				CEF748D323587A680023FD9B /* Base */,
				CEB15DD423587F8400659D1A /* ar */,
			);
			name = LaunchScreen.storyboard;
			sourceTree = "<group>";
		};
/* End PBXVariantGroup section */

/* Begin XCBuildConfiguration section */
		CEF748EC23587A680023FD9B /* Debug */ = {
			isa = XCBuildConfiguration;
			buildSettings = {
				ALWAYS_SEARCH_USER_PATHS = NO;
				CLANG_ANALYZER_LOCALIZABILITY_NONLOCALIZED = YES;
				CLANG_ANALYZER_NONNULL = YES;
				CLANG_ANALYZER_NUMBER_OBJECT_CONVERSION = YES_AGGRESSIVE;
				CLANG_CXX_LANGUAGE_STANDARD = "gnu++14";
				CLANG_CXX_LIBRARY = "libc++";
				CLANG_ENABLE_MODULES = YES;
				CLANG_ENABLE_OBJC_ARC = YES;
				CLANG_ENABLE_OBJC_WEAK = YES;
				CLANG_WARN_BLOCK_CAPTURE_AUTORELEASING = YES;
				CLANG_WARN_BOOL_CONVERSION = YES;
				CLANG_WARN_COMMA = YES;
				CLANG_WARN_CONSTANT_CONVERSION = YES;
				CLANG_WARN_DEPRECATED_OBJC_IMPLEMENTATIONS = YES;
				CLANG_WARN_DIRECT_OBJC_ISA_USAGE = YES_ERROR;
				CLANG_WARN_DOCUMENTATION_COMMENTS = YES;
				CLANG_WARN_EMPTY_BODY = YES;
				CLANG_WARN_ENUM_CONVERSION = YES;
				CLANG_WARN_INFINITE_RECURSION = YES;
				CLANG_WARN_INT_CONVERSION = YES;
				CLANG_WARN_NON_LITERAL_NULL_CONVERSION = YES;
				CLANG_WARN_OBJC_IMPLICIT_RETAIN_SELF = YES;
				CLANG_WARN_OBJC_LITERAL_CONVERSION = YES;
				CLANG_WARN_OBJC_ROOT_CLASS = YES_ERROR;
				CLANG_WARN_RANGE_LOOP_ANALYSIS = YES;
				CLANG_WARN_STRICT_PROTOTYPES = YES;
				CLANG_WARN_SUSPICIOUS_MOVE = YES;
				CLANG_WARN_UNGUARDED_AVAILABILITY = YES_AGGRESSIVE;
				CLANG_WARN_UNREACHABLE_CODE = YES;
				CLANG_WARN__DUPLICATE_METHOD_MATCH = YES;
				CODE_SIGN_IDENTITY = "iPhone Developer";
				COPY_PHASE_STRIP = NO;
				DEBUG_INFORMATION_FORMAT = dwarf;
				ENABLE_STRICT_OBJC_MSGSEND = YES;
				ENABLE_TESTABILITY = YES;
				GCC_C_LANGUAGE_STANDARD = gnu11;
				GCC_DYNAMIC_NO_PIC = NO;
				GCC_NO_COMMON_BLOCKS = YES;
				GCC_OPTIMIZATION_LEVEL = 0;
				GCC_PREPROCESSOR_DEFINITIONS = (
					"DEBUG=1",
					"$(inherited)",
				);
				GCC_WARN_64_TO_32_BIT_CONVERSION = YES;
				GCC_WARN_ABOUT_RETURN_TYPE = YES_ERROR;
				GCC_WARN_UNDECLARED_SELECTOR = YES;
				GCC_WARN_UNINITIALIZED_AUTOS = YES_AGGRESSIVE;
				GCC_WARN_UNUSED_FUNCTION = YES;
				GCC_WARN_UNUSED_VARIABLE = YES;
				IPHONEOS_DEPLOYMENT_TARGET = 12.4;
				MTL_ENABLE_DEBUG_INFO = INCLUDE_SOURCE;
				MTL_FAST_MATH = YES;
				ONLY_ACTIVE_ARCH = YES;
				SDKROOT = iphoneos;
				SWIFT_ACTIVE_COMPILATION_CONDITIONS = DEBUG;
				SWIFT_OPTIMIZATION_LEVEL = "-Onone";
			};
			name = Debug;
		};
		CEF748ED23587A680023FD9B /* Release */ = {
			isa = XCBuildConfiguration;
			buildSettings = {
				ALWAYS_SEARCH_USER_PATHS = NO;
				CLANG_ANALYZER_LOCALIZABILITY_NONLOCALIZED = YES;
				CLANG_ANALYZER_NONNULL = YES;
				CLANG_ANALYZER_NUMBER_OBJECT_CONVERSION = YES_AGGRESSIVE;
				CLANG_CXX_LANGUAGE_STANDARD = "gnu++14";
				CLANG_CXX_LIBRARY = "libc++";
				CLANG_ENABLE_MODULES = YES;
				CLANG_ENABLE_OBJC_ARC = YES;
				CLANG_ENABLE_OBJC_WEAK = YES;
				CLANG_WARN_BLOCK_CAPTURE_AUTORELEASING = YES;
				CLANG_WARN_BOOL_CONVERSION = YES;
				CLANG_WARN_COMMA = YES;
				CLANG_WARN_CONSTANT_CONVERSION = YES;
				CLANG_WARN_DEPRECATED_OBJC_IMPLEMENTATIONS = YES;
				CLANG_WARN_DIRECT_OBJC_ISA_USAGE = YES_ERROR;
				CLANG_WARN_DOCUMENTATION_COMMENTS = YES;
				CLANG_WARN_EMPTY_BODY = YES;
				CLANG_WARN_ENUM_CONVERSION = YES;
				CLANG_WARN_INFINITE_RECURSION = YES;
				CLANG_WARN_INT_CONVERSION = YES;
				CLANG_WARN_NON_LITERAL_NULL_CONVERSION = YES;
				CLANG_WARN_OBJC_IMPLICIT_RETAIN_SELF = YES;
				CLANG_WARN_OBJC_LITERAL_CONVERSION = YES;
				CLANG_WARN_OBJC_ROOT_CLASS = YES_ERROR;
				CLANG_WARN_RANGE_LOOP_ANALYSIS = YES;
				CLANG_WARN_STRICT_PROTOTYPES = YES;
				CLANG_WARN_SUSPICIOUS_MOVE = YES;
				CLANG_WARN_UNGUARDED_AVAILABILITY = YES_AGGRESSIVE;
				CLANG_WARN_UNREACHABLE_CODE = YES;
				CLANG_WARN__DUPLICATE_METHOD_MATCH = YES;
				CODE_SIGN_IDENTITY = "iPhone Developer";
				COPY_PHASE_STRIP = NO;
				DEBUG_INFORMATION_FORMAT = "dwarf-with-dsym";
				ENABLE_NS_ASSERTIONS = NO;
				ENABLE_STRICT_OBJC_MSGSEND = YES;
				GCC_C_LANGUAGE_STANDARD = gnu11;
				GCC_NO_COMMON_BLOCKS = YES;
				GCC_WARN_64_TO_32_BIT_CONVERSION = YES;
				GCC_WARN_ABOUT_RETURN_TYPE = YES_ERROR;
				GCC_WARN_UNDECLARED_SELECTOR = YES;
				GCC_WARN_UNINITIALIZED_AUTOS = YES_AGGRESSIVE;
				GCC_WARN_UNUSED_FUNCTION = YES;
				GCC_WARN_UNUSED_VARIABLE = YES;
				IPHONEOS_DEPLOYMENT_TARGET = 12.4;
				MTL_ENABLE_DEBUG_INFO = NO;
				MTL_FAST_MATH = YES;
				SDKROOT = iphoneos;
				SWIFT_COMPILATION_MODE = wholemodule;
				SWIFT_OPTIMIZATION_LEVEL = "-O";
				VALIDATE_PRODUCT = YES;
			};
			name = Release;
		};
		CEF748EF23587A680023FD9B /* Debug */ = {
			isa = XCBuildConfiguration;
			baseConfigurationReference = 2712416DDC708D3E687C0616 /* Pods-SabkTrial.debug.xcconfig */;
			buildSettings = {
				ASSETCATALOG_COMPILER_APPICON_NAME = AppIcon;
				CODE_SIGN_ENTITLEMENTS = SabkTrial/SabkTrial.entitlements;
				CODE_SIGN_IDENTITY = "Apple Development";
				CODE_SIGN_STYLE = Automatic;
				DEVELOPMENT_TEAM = 2C86JD592M;
				INFOPLIST_FILE = "$(SRCROOT)/SabkTrial/Supporting Files/Info.plist";
				LD_RUNPATH_SEARCH_PATHS = (
					"$(inherited)",
					"@executable_path/Frameworks",
				);
				PRODUCT_BUNDLE_IDENTIFIER = com.ibtikar.sabqTrial;
				PRODUCT_NAME = "$(TARGET_NAME)";
				PROVISIONING_PROFILE_SPECIFIER = "";
				SWIFT_VERSION = 5.0;
				TARGETED_DEVICE_FAMILY = "1,2";
			};
			name = Debug;
		};
		CEF748F023587A680023FD9B /* Release */ = {
			isa = XCBuildConfiguration;
			baseConfigurationReference = 8BFA054A62CCE14C21F141BC /* Pods-SabkTrial.release.xcconfig */;
			buildSettings = {
				ASSETCATALOG_COMPILER_APPICON_NAME = AppIcon;
				CODE_SIGN_ENTITLEMENTS = SabkTrial/SabkTrial.entitlements;
				CODE_SIGN_IDENTITY = "Apple Development";
				CODE_SIGN_STYLE = Automatic;
				DEVELOPMENT_TEAM = 2C86JD592M;
				INFOPLIST_FILE = "$(SRCROOT)/SabkTrial/Supporting Files/Info.plist";
				LD_RUNPATH_SEARCH_PATHS = (
					"$(inherited)",
					"@executable_path/Frameworks",
				);
				PRODUCT_BUNDLE_IDENTIFIER = com.ibtikar.sabqTrial;
				PRODUCT_NAME = "$(TARGET_NAME)";
				PROVISIONING_PROFILE_SPECIFIER = "";
				SWIFT_VERSION = 5.0;
				TARGETED_DEVICE_FAMILY = "1,2";
			};
			name = Release;
		};
		CEF748F223587A680023FD9B /* Debug */ = {
			isa = XCBuildConfiguration;
			baseConfigurationReference = DBB3DAB342B2D484F7CE0456 /* Pods-SabkTrialTests.debug.xcconfig */;
			buildSettings = {
				ALWAYS_EMBED_SWIFT_STANDARD_LIBRARIES = YES;
				BUNDLE_LOADER = "$(TEST_HOST)";
				CODE_SIGN_STYLE = Automatic;
				INFOPLIST_FILE = SabkTrialTests/Info.plist;
				LD_RUNPATH_SEARCH_PATHS = (
					"$(inherited)",
					"@executable_path/Frameworks",
					"@loader_path/Frameworks",
				);
				PRODUCT_BUNDLE_IDENTIFIER = com.ibtikar.sabqTrialTests;
				PRODUCT_NAME = "$(TARGET_NAME)";
				SWIFT_VERSION = 5.0;
				TARGETED_DEVICE_FAMILY = "1,2";
				TEST_HOST = "$(BUILT_PRODUCTS_DIR)/SabkTrial.app/SabkTrial";
			};
			name = Debug;
		};
		CEF748F323587A680023FD9B /* Release */ = {
			isa = XCBuildConfiguration;
			baseConfigurationReference = 2BFE6F351CFBB245AC7DC141 /* Pods-SabkTrialTests.release.xcconfig */;
			buildSettings = {
				ALWAYS_EMBED_SWIFT_STANDARD_LIBRARIES = YES;
				BUNDLE_LOADER = "$(TEST_HOST)";
				CODE_SIGN_STYLE = Automatic;
				INFOPLIST_FILE = SabkTrialTests/Info.plist;
				LD_RUNPATH_SEARCH_PATHS = (
					"$(inherited)",
					"@executable_path/Frameworks",
					"@loader_path/Frameworks",
				);
				PRODUCT_BUNDLE_IDENTIFIER = com.ibtikar.sabqTrialTests;
				PRODUCT_NAME = "$(TARGET_NAME)";
				SWIFT_VERSION = 5.0;
				TARGETED_DEVICE_FAMILY = "1,2";
				TEST_HOST = "$(BUILT_PRODUCTS_DIR)/SabkTrial.app/SabkTrial";
			};
			name = Release;
		};
		CEF748F523587A680023FD9B /* Debug */ = {
			isa = XCBuildConfiguration;
			baseConfigurationReference = 026B78E834FD521ABCA68388 /* Pods-SabkTrialUITests.debug.xcconfig */;
			buildSettings = {
				ALWAYS_EMBED_SWIFT_STANDARD_LIBRARIES = YES;
				CODE_SIGN_STYLE = Manual;
				DEVELOPMENT_TEAM = "";
				INFOPLIST_FILE = SabkTrialUITests/Info.plist;
				LD_RUNPATH_SEARCH_PATHS = (
					"$(inherited)",
					"@executable_path/Frameworks",
					"@loader_path/Frameworks",
				);
				PRODUCT_BUNDLE_IDENTIFIER = com.ibtikar.sabqTrialUITests;
				PRODUCT_NAME = "$(TARGET_NAME)";
				PROVISIONING_PROFILE_SPECIFIER = "";
				"PROVISIONING_PROFILE_SPECIFIER[sdk=macosx*]" = "";
				SWIFT_VERSION = 5.0;
				TARGETED_DEVICE_FAMILY = "1,2";
				TEST_TARGET_NAME = SabkTrial;
			};
			name = Debug;
		};
		CEF748F623587A680023FD9B /* Release */ = {
			isa = XCBuildConfiguration;
			baseConfigurationReference = 7556A7BD12E7B5A681438BC9 /* Pods-SabkTrialUITests.release.xcconfig */;
			buildSettings = {
				ALWAYS_EMBED_SWIFT_STANDARD_LIBRARIES = YES;
				CODE_SIGN_STYLE = Manual;
				DEVELOPMENT_TEAM = "";
				INFOPLIST_FILE = SabkTrialUITests/Info.plist;
				LD_RUNPATH_SEARCH_PATHS = (
					"$(inherited)",
					"@executable_path/Frameworks",
					"@loader_path/Frameworks",
				);
				PRODUCT_BUNDLE_IDENTIFIER = com.ibtikar.sabqTrialUITests;
				PRODUCT_NAME = "$(TARGET_NAME)";
				PROVISIONING_PROFILE_SPECIFIER = "";
				"PROVISIONING_PROFILE_SPECIFIER[sdk=macosx*]" = "";
				SWIFT_VERSION = 5.0;
				TARGETED_DEVICE_FAMILY = "1,2";
				TEST_TARGET_NAME = SabkTrial;
			};
			name = Release;
		};
/* End XCBuildConfiguration section */

/* Begin XCConfigurationList section */
		CEF748C123587A670023FD9B /* Build configuration list for PBXProject "SabkTrial" */ = {
			isa = XCConfigurationList;
			buildConfigurations = (
				CEF748EC23587A680023FD9B /* Debug */,
				CEF748ED23587A680023FD9B /* Release */,
			);
			defaultConfigurationIsVisible = 0;
			defaultConfigurationName = Release;
		};
		CEF748EE23587A680023FD9B /* Build configuration list for PBXNativeTarget "SabkTrial" */ = {
			isa = XCConfigurationList;
			buildConfigurations = (
				CEF748EF23587A680023FD9B /* Debug */,
				CEF748F023587A680023FD9B /* Release */,
			);
			defaultConfigurationIsVisible = 0;
			defaultConfigurationName = Release;
		};
		CEF748F123587A680023FD9B /* Build configuration list for PBXNativeTarget "SabkTrialTests" */ = {
			isa = XCConfigurationList;
			buildConfigurations = (
				CEF748F223587A680023FD9B /* Debug */,
				CEF748F323587A680023FD9B /* Release */,
			);
			defaultConfigurationIsVisible = 0;
			defaultConfigurationName = Release;
		};
		CEF748F423587A680023FD9B /* Build configuration list for PBXNativeTarget "SabkTrialUITests" */ = {
			isa = XCConfigurationList;
			buildConfigurations = (
				CEF748F523587A680023FD9B /* Debug */,
				CEF748F623587A680023FD9B /* Release */,
			);
			defaultConfigurationIsVisible = 0;
			defaultConfigurationName = Release;
		};
/* End XCConfigurationList section */
	};
	rootObject = CEF748BE23587A670023FD9B /* Project object */;
}
